// !$*UTF8*$!
{
	archiveVersion = 1;
	classes = {
	};
	objectVersion = 50;
	objects = {

/* Begin PBXBuildFile section */
		43369D4B222F510900CA0FB0 /* AppDelegate.swift in Sources */ = {isa = PBXBuildFile; fileRef = 43369D4A222F510900CA0FB0 /* AppDelegate.swift */; };
		43369D4D222F510900CA0FB0 /* ViewController.swift in Sources */ = {isa = PBXBuildFile; fileRef = 43369D4C222F510900CA0FB0 /* ViewController.swift */; };
		43369D50222F510900CA0FB0 /* Main.storyboard in Resources */ = {isa = PBXBuildFile; fileRef = 43369D4E222F510900CA0FB0 /* Main.storyboard */; };
		43369D52222F510A00CA0FB0 /* Assets.xcassets in Resources */ = {isa = PBXBuildFile; fileRef = 43369D51222F510A00CA0FB0 /* Assets.xcassets */; };
		43369D55222F510A00CA0FB0 /* LaunchScreen.storyboard in Resources */ = {isa = PBXBuildFile; fileRef = 43369D53222F510A00CA0FB0 /* LaunchScreen.storyboard */; };
		43369D5D222F536D00CA0FB0 /* RecordWhistleViewController.swift in Sources */ = {isa = PBXBuildFile; fileRef = 43369D5C222F536D00CA0FB0 /* RecordWhistleViewController.swift */; };
/* End PBXBuildFile section */

/* Begin PBXFileReference section */
		43369D47222F510900CA0FB0 /* Project33-WhatsTheWhistle.app */ = {isa = PBXFileReference; explicitFileType = wrapper.application; includeInIndex = 0; path = "Project33-WhatsTheWhistle.app"; sourceTree = BUILT_PRODUCTS_DIR; };
		43369D4A222F510900CA0FB0 /* AppDelegate.swift */ = {isa = PBXFileReference; lastKnownFileType = sourcecode.swift; path = AppDelegate.swift; sourceTree = "<group>"; };
		43369D4C222F510900CA0FB0 /* ViewController.swift */ = {isa = PBXFileReference; lastKnownFileType = sourcecode.swift; path = ViewController.swift; sourceTree = "<group>"; };
		43369D4F222F510900CA0FB0 /* Base */ = {isa = PBXFileReference; lastKnownFileType = file.storyboard; name = Base; path = Base.lproj/Main.storyboard; sourceTree = "<group>"; };
		43369D51222F510A00CA0FB0 /* Assets.xcassets */ = {isa = PBXFileReference; lastKnownFileType = folder.assetcatalog; path = Assets.xcassets; sourceTree = "<group>"; };
		43369D54222F510A00CA0FB0 /* Base */ = {isa = PBXFileReference; lastKnownFileType = file.storyboard; name = Base; path = Base.lproj/LaunchScreen.storyboard; sourceTree = "<group>"; };
		43369D56222F510A00CA0FB0 /* Info.plist */ = {isa = PBXFileReference; lastKnownFileType = text.plist.xml; path = Info.plist; sourceTree = "<group>"; };
		43369D5C222F536D00CA0FB0 /* RecordWhistleViewController.swift */ = {isa = PBXFileReference; lastKnownFileType = sourcecode.swift; path = RecordWhistleViewController.swift; sourceTree = "<group>"; };
/* End PBXFileReference section */

/* Begin PBXFrameworksBuildPhase section */
		43369D44222F510900CA0FB0 /* Frameworks */ = {
			isa = PBXFrameworksBuildPhase;
			buildActionMask = 2147483647;
			files = (
			);
			runOnlyForDeploymentPostprocessing = 0;
		};
/* End PBXFrameworksBuildPhase section */

/* Begin PBXGroup section */
		43369D3E222F510900CA0FB0 = {
			isa = PBXGroup;
			children = (
				43369D49222F510900CA0FB0 /* Project33-WhatsTheWhistle */,
				43369D48222F510900CA0FB0 /* Products */,
			);
			sourceTree = "<group>";
		};
		43369D48222F510900CA0FB0 /* Products */ = {
			isa = PBXGroup;
			children = (
				43369D47222F510900CA0FB0 /* Project33-WhatsTheWhistle.app */,
			);
			name = Products;
			sourceTree = "<group>";
		};
		43369D49222F510900CA0FB0 /* Project33-WhatsTheWhistle */ = {
			isa = PBXGroup;
			children = (
				43369D5C222F536D00CA0FB0 /* RecordWhistleViewController.swift */,
				43369D4A222F510900CA0FB0 /* AppDelegate.swift */,
				43369D4C222F510900CA0FB0 /* ViewController.swift */,
				43369D4E222F510900CA0FB0 /* Main.storyboard */,
				43369D51222F510A00CA0FB0 /* Assets.xcassets */,
				43369D53222F510A00CA0FB0 /* LaunchScreen.storyboard */,
				43369D56222F510A00CA0FB0 /* Info.plist */,
			);
			path = "Project33-WhatsTheWhistle";
			sourceTree = "<group>";
		};
/* End PBXGroup section */

/* Begin PBXNativeTarget section */
		43369D46222F510900CA0FB0 /* Project33-WhatsTheWhistle */ = {
			isa = PBXNativeTarget;
			buildConfigurationList = 43369D59222F510A00CA0FB0 /* Build configuration list for PBXNativeTarget "Project33-WhatsTheWhistle" */;
			buildPhases = (
				43369D43222F510900CA0FB0 /* Sources */,
				43369D44222F510900CA0FB0 /* Frameworks */,
				43369D45222F510900CA0FB0 /* Resources */,
			);
			buildRules = (
			);
			dependencies = (
			);
			name = "Project33-WhatsTheWhistle";
			productName = "Project33-WhatsTheWhistle";
			productReference = 43369D47222F510900CA0FB0 /* Project33-WhatsTheWhistle.app */;
			productType = "com.apple.product-type.application";
		};
/* End PBXNativeTarget section */

/* Begin PBXProject section */
		43369D3F222F510900CA0FB0 /* Project object */ = {
			isa = PBXProject;
			attributes = {
				LastSwiftUpdateCheck = 1020;
				LastUpgradeCheck = 1020;
				ORGANIZATIONNAME = "Kush, Ryan";
				TargetAttributes = {
					43369D46222F510900CA0FB0 = {
						CreatedOnToolsVersion = 10.2;
					};
				};
			};
			buildConfigurationList = 43369D42222F510900CA0FB0 /* Build configuration list for PBXProject "Project33-WhatsTheWhistle" */;
			compatibilityVersion = "Xcode 9.3";
			developmentRegion = en;
			hasScannedForEncodings = 0;
			knownRegions = (
				en,
				Base,
			);
			mainGroup = 43369D3E222F510900CA0FB0;
			productRefGroup = 43369D48222F510900CA0FB0 /* Products */;
			projectDirPath = "";
			projectRoot = "";
			targets = (
				43369D46222F510900CA0FB0 /* Project33-WhatsTheWhistle */,
			);
		};
/* End PBXProject section */

/* Begin PBXResourcesBuildPhase section */
		43369D45222F510900CA0FB0 /* Resources */ = {
			isa = PBXResourcesBuildPhase;
			buildActionMask = 2147483647;
			files = (
				43369D55222F510A00CA0FB0 /* LaunchScreen.storyboard in Resources */,
				43369D52222F510A00CA0FB0 /* Assets.xcassets in Resources */,
				43369D50222F510900CA0FB0 /* Main.storyboard in Resources */,
			);
			runOnlyForDeploymentPostprocessing = 0;
		};
/* End PBXResourcesBuildPhase section */

/* Begin PBXSourcesBuildPhase section */
		43369D43222F510900CA0FB0 /* Sources */ = {
			isa = PBXSourcesBuildPhase;
			buildActionMask = 2147483647;
			files = (
				43369D4D222F510900CA0FB0 /* ViewController.swift in Sources */,
				43369D4B222F510900CA0FB0 /* AppDelegate.swift in Sources */,
				43369D5D222F536D00CA0FB0 /* RecordWhistleViewController.swift in Sources */,
			);
			runOnlyForDeploymentPostprocessing = 0;
		};
/* End PBXSourcesBuildPhase section */

/* Begin PBXVariantGroup section */
		43369D4E222F510900CA0FB0 /* Main.storyboard */ = {
			isa = PBXVariantGroup;
			children = (
				43369D4F222F510900CA0FB0 /* Base */,
			);
			name = Main.storyboard;
			sourceTree = "<group>";
		};
		43369D53222F510A00CA0FB0 /* LaunchScreen.storyboard */ = {
			isa = PBXVariantGroup;
			children = (
				43369D54222F510A00CA0FB0 /* Base */,
			);
			name = LaunchScreen.storyboard;
			sourceTree = "<group>";
		};
/* End PBXVariantGroup section */

/* Begin XCBuildConfiguration section */
		43369D57222F510A00CA0FB0 /* Debug */ = {
			isa = XCBuildConfiguration;
			buildSettings = {
				ALWAYS_SEARCH_USER_PATHS = NO;
				CLANG_ANALYZER_NONNULL = YES;
				CLANG_ANALYZER_NUMBER_OBJECT_CONVERSION = YES_AGGRESSIVE;
				CLANG_CXX_LANGUAGE_STANDARD = "gnu++14";
				CLANG_CXX_LIBRARY = "libc++";
				CLANG_ENABLE_MODULES = YES;
				CLANG_ENABLE_OBJC_ARC = YES;
				CLANG_ENABLE_OBJC_WEAK = YES;
				CLANG_WARN_BLOCK_CAPTURE_AUTORELEASING = YES;
				CLANG_WARN_BOOL_CONVERSION = YES;
				CLANG_WARN_COMMA = YES;
				CLANG_WARN_CONSTANT_CONVERSION = YES;
				CLANG_WARN_DEPRECATED_OBJC_IMPLEMENTATIONS = YES;
				CLANG_WARN_DIRECT_OBJC_ISA_USAGE = YES_ERROR;
				CLANG_WARN_DOCUMENTATION_COMMENTS = YES;
				CLANG_WARN_EMPTY_BODY = YES;
				CLANG_WARN_ENUM_CONVERSION = YES;
				CLANG_WARN_INFINITE_RECURSION = YES;
				CLANG_WARN_INT_CONVERSION = YES;
				CLANG_WARN_NON_LITERAL_NULL_CONVERSION = YES;
				CLANG_WARN_OBJC_IMPLICIT_RETAIN_SELF = YES;
				CLANG_WARN_OBJC_LITERAL_CONVERSION = YES;
				CLANG_WARN_OBJC_ROOT_CLASS = YES_ERROR;
				CLANG_WARN_RANGE_LOOP_ANALYSIS = YES;
				CLANG_WARN_STRICT_PROTOTYPES = YES;
				CLANG_WARN_SUSPICIOUS_MOVE = YES;
				CLANG_WARN_UNGUARDED_AVAILABILITY = YES_AGGRESSIVE;
				CLANG_WARN_UNREACHABLE_CODE = YES;
				CLANG_WARN__DUPLICATE_METHOD_MATCH = YES;
				CODE_SIGN_IDENTITY = "iPhone Developer";
				COPY_PHASE_STRIP = NO;
				DEBUG_INFORMATION_FORMAT = dwarf;
				ENABLE_STRICT_OBJC_MSGSEND = YES;
				ENABLE_TESTABILITY = YES;
				GCC_C_LANGUAGE_STANDARD = gnu11;
				GCC_DYNAMIC_NO_PIC = NO;
				GCC_NO_COMMON_BLOCKS = YES;
				GCC_OPTIMIZATION_LEVEL = 0;
				GCC_PREPROCESSOR_DEFINITIONS = (
					"DEBUG=1",
					"$(inherited)",
				);
				GCC_WARN_64_TO_32_BIT_CONVERSION = YES;
				GCC_WARN_ABOUT_RETURN_TYPE = YES_ERROR;
				GCC_WARN_UNDECLARED_SELECTOR = YES;
				GCC_WARN_UNINITIALIZED_AUTOS = YES_AGGRESSIVE;
				GCC_WARN_UNUSED_FUNCTION = YES;
				GCC_WARN_UNUSED_VARIABLE = YES;
				IPHONEOS_DEPLOYMENT_TARGET = 12.2;
				MTL_ENABLE_DEBUG_INFO = INCLUDE_SOURCE;
				MTL_FAST_MATH = YES;
				ONLY_ACTIVE_ARCH = YES;
				SDKROOT = iphoneos;
				SWIFT_ACTIVE_COMPILATION_CONDITIONS = DEBUG;
				SWIFT_OPTIMIZATION_LEVEL = "-Onone";
			};
			name = Debug;
		};
		43369D58222F510A00CA0FB0 /* Release */ = {
			isa = XCBuildConfiguration;
			buildSettings = {
				ALWAYS_SEARCH_USER_PATHS = NO;
				CLANG_ANALYZER_NONNULL = YES;
				CLANG_ANALYZER_NUMBER_OBJECT_CONVERSION = YES_AGGRESSIVE;
				CLANG_CXX_LANGUAGE_STANDARD = "gnu++14";
				CLANG_CXX_LIBRARY = "libc++";
				CLANG_ENABLE_MODULES = YES;
				CLANG_ENABLE_OBJC_ARC = YES;
				CLANG_ENABLE_OBJC_WEAK = YES;
				CLANG_WARN_BLOCK_CAPTURE_AUTORELEASING = YES;
				CLANG_WARN_BOOL_CONVERSION = YES;
				CLANG_WARN_COMMA = YES;
				CLANG_WARN_CONSTANT_CONVERSION = YES;
				CLANG_WARN_DEPRECATED_OBJC_IMPLEMENTATIONS = YES;
				CLANG_WARN_DIRECT_OBJC_ISA_USAGE = YES_ERROR;
				CLANG_WARN_DOCUMENTATION_COMMENTS = YES;
				CLANG_WARN_EMPTY_BODY = YES;
				CLANG_WARN_ENUM_CONVERSION = YES;
				CLANG_WARN_INFINITE_RECURSION = YES;
				CLANG_WARN_INT_CONVERSION = YES;
				CLANG_WARN_NON_LITERAL_NULL_CONVERSION = YES;
				CLANG_WARN_OBJC_IMPLICIT_RETAIN_SELF = YES;
				CLANG_WARN_OBJC_LITERAL_CONVERSION = YES;
				CLANG_WARN_OBJC_ROOT_CLASS = YES_ERROR;
				CLANG_WARN_RANGE_LOOP_ANALYSIS = YES;
				CLANG_WARN_STRICT_PROTOTYPES = YES;
				CLANG_WARN_SUSPICIOUS_MOVE = YES;
				CLANG_WARN_UNGUARDED_AVAILABILITY = YES_AGGRESSIVE;
				CLANG_WARN_UNREACHABLE_CODE = YES;
				CLANG_WARN__DUPLICATE_METHOD_MATCH = YES;
				CODE_SIGN_IDENTITY = "iPhone Developer";
				COPY_PHASE_STRIP = NO;
				DEBUG_INFORMATION_FORMAT = "dwarf-with-dsym";
				ENABLE_NS_ASSERTIONS = NO;
				ENABLE_STRICT_OBJC_MSGSEND = YES;
				GCC_C_LANGUAGE_STANDARD = gnu11;
				GCC_NO_COMMON_BLOCKS = YES;
				GCC_WARN_64_TO_32_BIT_CONVERSION = YES;
				GCC_WARN_ABOUT_RETURN_TYPE = YES_ERROR;
				GCC_WARN_UNDECLARED_SELECTOR = YES;
				GCC_WARN_UNINITIALIZED_AUTOS = YES_AGGRESSIVE;
				GCC_WARN_UNUSED_FUNCTION = YES;
				GCC_WARN_UNUSED_VARIABLE = YES;
				IPHONEOS_DEPLOYMENT_TARGET = 12.2;
				MTL_ENABLE_DEBUG_INFO = NO;
				MTL_FAST_MATH = YES;
				SDKROOT = iphoneos;
				SWIFT_COMPILATION_MODE = wholemodule;
				SWIFT_OPTIMIZATION_LEVEL = "-O";
				VALIDATE_PRODUCT = YES;
			};
			name = Release;
		};
		43369D5A222F510A00CA0FB0 /* Debug */ = {
			isa = XCBuildConfiguration;
			buildSettings = {
				ASSETCATALOG_COMPILER_APPICON_NAME = AppIcon;
				CODE_SIGN_STYLE = Automatic;
				DEVELOPMENT_TEAM = 834VY2ZCYH;
				INFOPLIST_FILE = "Project33-WhatsTheWhistle/Info.plist";
				LD_RUNPATH_SEARCH_PATHS = (
					"$(inherited)",
					"@executable_path/Frameworks",
				);
				PRODUCT_BUNDLE_IDENTIFIER = "KushApps.Project33-WhatsTheWhistle";
				PRODUCT_NAME = "$(TARGET_NAME)";
				SWIFT_VERSION = 5.0;
				TARGETED_DEVICE_FAMILY = "1,2";
			};
			name = Debug;
		};
		43369D5B222F510A00CA0FB0 /* Release */ = {
			isa = XCBuildConfiguration;
			buildSettings = {
				ASSETCATALOG_COMPILER_APPICON_NAME = AppIcon;
				CODE_SIGN_STYLE = Automatic;
				DEVELOPMENT_TEAM = 834VY2ZCYH;
				INFOPLIST_FILE = "Project33-WhatsTheWhistle/Info.plist";
				LD_RUNPATH_SEARCH_PATHS = (
					"$(inherited)",
					"@executable_path/Frameworks",
				);
				PRODUCT_BUNDLE_IDENTIFIER = "KushApps.Project33-WhatsTheWhistle";
				PRODUCT_NAME = "$(TARGET_NAME)";
				SWIFT_VERSION = 5.0;
				TARGETED_DEVICE_FAMILY = "1,2";
			};
			name = Release;
		};
/* End XCBuildConfiguration section */

/* Begin XCConfigurationList section */
		43369D42222F510900CA0FB0 /* Build configuration list for PBXProject "Project33-WhatsTheWhistle" */ = {
			isa = XCConfigurationList;
			buildConfigurations = (
				43369D57222F510A00CA0FB0 /* Debug */,
				43369D58222F510A00CA0FB0 /* Release */,
			);
			defaultConfigurationIsVisible = 0;
			defaultConfigurationName = Release;
		};
		43369D59222F510A00CA0FB0 /* Build configuration list for PBXNativeTarget "Project33-WhatsTheWhistle" */ = {
			isa = XCConfigurationList;
			buildConfigurations = (
				43369D5A222F510A00CA0FB0 /* Debug */,
				43369D5B222F510A00CA0FB0 /* Release */,
			);
			defaultConfigurationIsVisible = 0;
			defaultConfigurationName = Release;
		};
/* End XCConfigurationList section */
	};
	rootObject = 43369D3F222F510900CA0FB0 /* Project object */;
}
