// !$*UTF8*$!
{
	archiveVersion = 1;
	classes = {
	};
	objectVersion = 50;
	objects = {

/* Begin PBXBuildFile section */
		434E574521EE6A1A00E75280 /* AppDelegate.swift in Sources */ = {isa = PBXBuildFile; fileRef = 434E574421EE6A1A00E75280 /* AppDelegate.swift */; };
		434E574721EE6A1A00E75280 /* ViewController.swift in Sources */ = {isa = PBXBuildFile; fileRef = 434E574621EE6A1A00E75280 /* ViewController.swift */; };
		434E574A21EE6A1A00E75280 /* Main.storyboard in Resources */ = {isa = PBXBuildFile; fileRef = 434E574821EE6A1A00E75280 /* Main.storyboard */; };
		434E574C21EE6A1C00E75280 /* Assets.xcassets in Resources */ = {isa = PBXBuildFile; fileRef = 434E574B21EE6A1C00E75280 /* Assets.xcassets */; };
		434E574F21EE6A1C00E75280 /* LaunchScreen.storyboard in Resources */ = {isa = PBXBuildFile; fileRef = 434E574D21EE6A1C00E75280 /* LaunchScreen.storyboard */; };
		434E577E21EE6B2900E75280 /* Person.swift in Sources */ = {isa = PBXBuildFile; fileRef = 434E577C21EE6B2900E75280 /* Person.swift */; };
		434E577F21EE6B2900E75280 /* PersonCell.swift in Sources */ = {isa = PBXBuildFile; fileRef = 434E577D21EE6B2900E75280 /* PersonCell.swift */; };
/* End PBXBuildFile section */

/* Begin PBXFileReference section */
		434E574121EE6A1A00E75280 /* Project12A-UserDefaults.app */ = {isa = PBXFileReference; explicitFileType = wrapper.application; includeInIndex = 0; path = "Project12A-UserDefaults.app"; sourceTree = BUILT_PRODUCTS_DIR; };
		434E574421EE6A1A00E75280 /* AppDelegate.swift */ = {isa = PBXFileReference; lastKnownFileType = sourcecode.swift; path = AppDelegate.swift; sourceTree = "<group>"; };
		434E574621EE6A1A00E75280 /* ViewController.swift */ = {isa = PBXFileReference; lastKnownFileType = sourcecode.swift; path = ViewController.swift; sourceTree = "<group>"; };
		434E574921EE6A1A00E75280 /* Base */ = {isa = PBXFileReference; lastKnownFileType = file.storyboard; name = Base; path = Base.lproj/Main.storyboard; sourceTree = "<group>"; };
		434E574B21EE6A1C00E75280 /* Assets.xcassets */ = {isa = PBXFileReference; lastKnownFileType = folder.assetcatalog; path = Assets.xcassets; sourceTree = "<group>"; };
		434E574E21EE6A1C00E75280 /* Base */ = {isa = PBXFileReference; lastKnownFileType = file.storyboard; name = Base; path = Base.lproj/LaunchScreen.storyboard; sourceTree = "<group>"; };
		434E575021EE6A1C00E75280 /* Info.plist */ = {isa = PBXFileReference; lastKnownFileType = text.plist.xml; path = Info.plist; sourceTree = "<group>"; };
		434E577C21EE6B2900E75280 /* Person.swift */ = {isa = PBXFileReference; fileEncoding = 4; lastKnownFileType = sourcecode.swift; path = Person.swift; sourceTree = "<group>"; };
		434E577D21EE6B2900E75280 /* PersonCell.swift */ = {isa = PBXFileReference; fileEncoding = 4; lastKnownFileType = sourcecode.swift; path = PersonCell.swift; sourceTree = "<group>"; };
/* End PBXFileReference section */

/* Begin PBXFrameworksBuildPhase section */
		434E573E21EE6A1A00E75280 /* Frameworks */ = {
			isa = PBXFrameworksBuildPhase;
			buildActionMask = 2147483647;
			files = (
			);
			runOnlyForDeploymentPostprocessing = 0;
		};
/* End PBXFrameworksBuildPhase section */

/* Begin PBXGroup section */
		434E573821EE6A1A00E75280 = {
			isa = PBXGroup;
			children = (
				434E574321EE6A1A00E75280 /* Project12A-UserDefaults */,
				434E574221EE6A1A00E75280 /* Products */,
			);
			sourceTree = "<group>";
		};
		434E574221EE6A1A00E75280 /* Products */ = {
			isa = PBXGroup;
			children = (
				434E574121EE6A1A00E75280 /* Project12A-UserDefaults.app */,
			);
			name = Products;
			sourceTree = "<group>";
		};
		434E574321EE6A1A00E75280 /* Project12A-UserDefaults */ = {
			isa = PBXGroup;
			children = (
				434E574421EE6A1A00E75280 /* AppDelegate.swift */,
				434E574621EE6A1A00E75280 /* ViewController.swift */,
				434E574821EE6A1A00E75280 /* Main.storyboard */,
				434E574B21EE6A1C00E75280 /* Assets.xcassets */,
				434E574D21EE6A1C00E75280 /* LaunchScreen.storyboard */,
				434E575021EE6A1C00E75280 /* Info.plist */,
				434E577C21EE6B2900E75280 /* Person.swift */,
				434E577D21EE6B2900E75280 /* PersonCell.swift */,
			);
			path = "Project12A-UserDefaults";
			sourceTree = "<group>";
		};
/* End PBXGroup section */

/* Begin PBXNativeTarget section */
		434E574021EE6A1A00E75280 /* Project12A-UserDefaults */ = {
			isa = PBXNativeTarget;
			buildConfigurationList = 434E575321EE6A1C00E75280 /* Build configuration list for PBXNativeTarget "Project12A-UserDefaults" */;
			buildPhases = (
				434E573D21EE6A1A00E75280 /* Sources */,
				434E573E21EE6A1A00E75280 /* Frameworks */,
				434E573F21EE6A1A00E75280 /* Resources */,
			);
			buildRules = (
			);
			dependencies = (
			);
			name = "Project12A-UserDefaults";
			productName = "Project12A-UserDefaults";
			productReference = 434E574121EE6A1A00E75280 /* Project12A-UserDefaults.app */;
			productType = "com.apple.product-type.application";
		};
/* End PBXNativeTarget section */

/* Begin PBXProject section */
		434E573921EE6A1A00E75280 /* Project object */ = {
			isa = PBXProject;
			attributes = {
				LastSwiftUpdateCheck = 1010;
				LastUpgradeCheck = 1010;
				ORGANIZATIONNAME = "Kush, Ryan";
				TargetAttributes = {
					434E574021EE6A1A00E75280 = {
						CreatedOnToolsVersion = 10.1;
					};
				};
			};
			buildConfigurationList = 434E573C21EE6A1A00E75280 /* Build configuration list for PBXProject "Project12A-UserDefaults" */;
			compatibilityVersion = "Xcode 9.3";
			developmentRegion = en;
			hasScannedForEncodings = 0;
			knownRegions = (
				en,
				Base,
			);
			mainGroup = 434E573821EE6A1A00E75280;
			productRefGroup = 434E574221EE6A1A00E75280 /* Products */;
			projectDirPath = "";
			projectRoot = "";
			targets = (
				434E574021EE6A1A00E75280 /* Project12A-UserDefaults */,
			);
		};
/* End PBXProject section */

/* Begin PBXResourcesBuildPhase section */
		434E573F21EE6A1A00E75280 /* Resources */ = {
			isa = PBXResourcesBuildPhase;
			buildActionMask = 2147483647;
			files = (
				434E574F21EE6A1C00E75280 /* LaunchScreen.storyboard in Resources */,
				434E574C21EE6A1C00E75280 /* Assets.xcassets in Resources */,
				434E574A21EE6A1A00E75280 /* Main.storyboard in Resources */,
			);
			runOnlyForDeploymentPostprocessing = 0;
		};
/* End PBXResourcesBuildPhase section */

/* Begin PBXSourcesBuildPhase section */
		434E573D21EE6A1A00E75280 /* Sources */ = {
			isa = PBXSourcesBuildPhase;
			buildActionMask = 2147483647;
			files = (
				434E577E21EE6B2900E75280 /* Person.swift in Sources */,
				434E574721EE6A1A00E75280 /* ViewController.swift in Sources */,
				434E577F21EE6B2900E75280 /* PersonCell.swift in Sources */,
				434E574521EE6A1A00E75280 /* AppDelegate.swift in Sources */,
			);
			runOnlyForDeploymentPostprocessing = 0;
		};
/* End PBXSourcesBuildPhase section */

/* Begin PBXVariantGroup section */
		434E574821EE6A1A00E75280 /* Main.storyboard */ = {
			isa = PBXVariantGroup;
			children = (
				434E574921EE6A1A00E75280 /* Base */,
			);
			name = Main.storyboard;
			sourceTree = "<group>";
		};
		434E574D21EE6A1C00E75280 /* LaunchScreen.storyboard */ = {
			isa = PBXVariantGroup;
			children = (
				434E574E21EE6A1C00E75280 /* Base */,
			);
			name = LaunchScreen.storyboard;
			sourceTree = "<group>";
		};
/* End PBXVariantGroup section */

/* Begin XCBuildConfiguration section */
		434E575121EE6A1C00E75280 /* Debug */ = {
			isa = XCBuildConfiguration;
			buildSettings = {
				ALWAYS_SEARCH_USER_PATHS = NO;
				CLANG_ANALYZER_NONNULL = YES;
				CLANG_ANALYZER_NUMBER_OBJECT_CONVERSION = YES_AGGRESSIVE;
				CLANG_CXX_LANGUAGE_STANDARD = "gnu++14";
				CLANG_CXX_LIBRARY = "libc++";
				CLANG_ENABLE_MODULES = YES;
				CLANG_ENABLE_OBJC_ARC = YES;
				CLANG_ENABLE_OBJC_WEAK = YES;
				CLANG_WARN_BLOCK_CAPTURE_AUTORELEASING = YES;
				CLANG_WARN_BOOL_CONVERSION = YES;
				CLANG_WARN_COMMA = YES;
				CLANG_WARN_CONSTANT_CONVERSION = YES;
				CLANG_WARN_DEPRECATED_OBJC_IMPLEMENTATIONS = YES;
				CLANG_WARN_DIRECT_OBJC_ISA_USAGE = YES_ERROR;
				CLANG_WARN_DOCUMENTATION_COMMENTS = YES;
				CLANG_WARN_EMPTY_BODY = YES;
				CLANG_WARN_ENUM_CONVERSION = YES;
				CLANG_WARN_INFINITE_RECURSION = YES;
				CLANG_WARN_INT_CONVERSION = YES;
				CLANG_WARN_NON_LITERAL_NULL_CONVERSION = YES;
				CLANG_WARN_OBJC_IMPLICIT_RETAIN_SELF = YES;
				CLANG_WARN_OBJC_LITERAL_CONVERSION = YES;
				CLANG_WARN_OBJC_ROOT_CLASS = YES_ERROR;
				CLANG_WARN_RANGE_LOOP_ANALYSIS = YES;
				CLANG_WARN_STRICT_PROTOTYPES = YES;
				CLANG_WARN_SUSPICIOUS_MOVE = YES;
				CLANG_WARN_UNGUARDED_AVAILABILITY = YES_AGGRESSIVE;
				CLANG_WARN_UNREACHABLE_CODE = YES;
				CLANG_WARN__DUPLICATE_METHOD_MATCH = YES;
				CODE_SIGN_IDENTITY = "iPhone Developer";
				COPY_PHASE_STRIP = NO;
				DEBUG_INFORMATION_FORMAT = dwarf;
				ENABLE_STRICT_OBJC_MSGSEND = YES;
				ENABLE_TESTABILITY = YES;
				GCC_C_LANGUAGE_STANDARD = gnu11;
				GCC_DYNAMIC_NO_PIC = NO;
				GCC_NO_COMMON_BLOCKS = YES;
				GCC_OPTIMIZATION_LEVEL = 0;
				GCC_PREPROCESSOR_DEFINITIONS = (
					"DEBUG=1",
					"$(inherited)",
				);
				GCC_WARN_64_TO_32_BIT_CONVERSION = YES;
				GCC_WARN_ABOUT_RETURN_TYPE = YES_ERROR;
				GCC_WARN_UNDECLARED_SELECTOR = YES;
				GCC_WARN_UNINITIALIZED_AUTOS = YES_AGGRESSIVE;
				GCC_WARN_UNUSED_FUNCTION = YES;
				GCC_WARN_UNUSED_VARIABLE = YES;
				IPHONEOS_DEPLOYMENT_TARGET = 12.1;
				MTL_ENABLE_DEBUG_INFO = INCLUDE_SOURCE;
				MTL_FAST_MATH = YES;
				ONLY_ACTIVE_ARCH = YES;
				SDKROOT = iphoneos;
				SWIFT_ACTIVE_COMPILATION_CONDITIONS = DEBUG;
				SWIFT_OPTIMIZATION_LEVEL = "-Onone";
			};
			name = Debug;
		};
		434E575221EE6A1C00E75280 /* Release */ = {
			isa = XCBuildConfiguration;
			buildSettings = {
				ALWAYS_SEARCH_USER_PATHS = NO;
				CLANG_ANALYZER_NONNULL = YES;
				CLANG_ANALYZER_NUMBER_OBJECT_CONVERSION = YES_AGGRESSIVE;
				CLANG_CXX_LANGUAGE_STANDARD = "gnu++14";
				CLANG_CXX_LIBRARY = "libc++";
				CLANG_ENABLE_MODULES = YES;
				CLANG_ENABLE_OBJC_ARC = YES;
				CLANG_ENABLE_OBJC_WEAK = YES;
				CLANG_WARN_BLOCK_CAPTURE_AUTORELEASING = YES;
				CLANG_WARN_BOOL_CONVERSION = YES;
				CLANG_WARN_COMMA = YES;
				CLANG_WARN_CONSTANT_CONVERSION = YES;
				CLANG_WARN_DEPRECATED_OBJC_IMPLEMENTATIONS = YES;
				CLANG_WARN_DIRECT_OBJC_ISA_USAGE = YES_ERROR;
				CLANG_WARN_DOCUMENTATION_COMMENTS = YES;
				CLANG_WARN_EMPTY_BODY = YES;
				CLANG_WARN_ENUM_CONVERSION = YES;
				CLANG_WARN_INFINITE_RECURSION = YES;
				CLANG_WARN_INT_CONVERSION = YES;
				CLANG_WARN_NON_LITERAL_NULL_CONVERSION = YES;
				CLANG_WARN_OBJC_IMPLICIT_RETAIN_SELF = YES;
				CLANG_WARN_OBJC_LITERAL_CONVERSION = YES;
				CLANG_WARN_OBJC_ROOT_CLASS = YES_ERROR;
				CLANG_WARN_RANGE_LOOP_ANALYSIS = YES;
				CLANG_WARN_STRICT_PROTOTYPES = YES;
				CLANG_WARN_SUSPICIOUS_MOVE = YES;
				CLANG_WARN_UNGUARDED_AVAILABILITY = YES_AGGRESSIVE;
				CLANG_WARN_UNREACHABLE_CODE = YES;
				CLANG_WARN__DUPLICATE_METHOD_MATCH = YES;
				CODE_SIGN_IDENTITY = "iPhone Developer";
				COPY_PHASE_STRIP = NO;
				DEBUG_INFORMATION_FORMAT = "dwarf-with-dsym";
				ENABLE_NS_ASSERTIONS = NO;
				ENABLE_STRICT_OBJC_MSGSEND = YES;
				GCC_C_LANGUAGE_STANDARD = gnu11;
				GCC_NO_COMMON_BLOCKS = YES;
				GCC_WARN_64_TO_32_BIT_CONVERSION = YES;
				GCC_WARN_ABOUT_RETURN_TYPE = YES_ERROR;
				GCC_WARN_UNDECLARED_SELECTOR = YES;
				GCC_WARN_UNINITIALIZED_AUTOS = YES_AGGRESSIVE;
				GCC_WARN_UNUSED_FUNCTION = YES;
				GCC_WARN_UNUSED_VARIABLE = YES;
				IPHONEOS_DEPLOYMENT_TARGET = 12.1;
				MTL_ENABLE_DEBUG_INFO = NO;
				MTL_FAST_MATH = YES;
				SDKROOT = iphoneos;
				SWIFT_COMPILATION_MODE = wholemodule;
				SWIFT_OPTIMIZATION_LEVEL = "-O";
				VALIDATE_PRODUCT = YES;
			};
			name = Release;
		};
		434E575421EE6A1C00E75280 /* Debug */ = {
			isa = XCBuildConfiguration;
			buildSettings = {
				ASSETCATALOG_COMPILER_APPICON_NAME = AppIcon;
				CODE_SIGN_STYLE = Automatic;
				DEVELOPMENT_TEAM = 834VY2ZCYH;
				INFOPLIST_FILE = "Project12A-UserDefaults/Info.plist";
				LD_RUNPATH_SEARCH_PATHS = (
					"$(inherited)",
					"@executable_path/Frameworks",
				);
				PRODUCT_BUNDLE_IDENTIFIER = "KushApps.Project12A-UserDefaults";
				PRODUCT_NAME = "$(TARGET_NAME)";
				SWIFT_VERSION = 4.2;
				TARGETED_DEVICE_FAMILY = "1,2";
			};
			name = Debug;
		};
		434E575521EE6A1C00E75280 /* Release */ = {
			isa = XCBuildConfiguration;
			buildSettings = {
				ASSETCATALOG_COMPILER_APPICON_NAME = AppIcon;
				CODE_SIGN_STYLE = Automatic;
				DEVELOPMENT_TEAM = 834VY2ZCYH;
				INFOPLIST_FILE = "Project12A-UserDefaults/Info.plist";
				LD_RUNPATH_SEARCH_PATHS = (
					"$(inherited)",
					"@executable_path/Frameworks",
				);
				PRODUCT_BUNDLE_IDENTIFIER = "KushApps.Project12A-UserDefaults";
				PRODUCT_NAME = "$(TARGET_NAME)";
				SWIFT_VERSION = 4.2;
				TARGETED_DEVICE_FAMILY = "1,2";
			};
			name = Release;
		};
/* End XCBuildConfiguration section */

/* Begin XCConfigurationList section */
		434E573C21EE6A1A00E75280 /* Build configuration list for PBXProject "Project12A-UserDefaults" */ = {
			isa = XCConfigurationList;
			buildConfigurations = (
				434E575121EE6A1C00E75280 /* Debug */,
				434E575221EE6A1C00E75280 /* Release */,
			);
			defaultConfigurationIsVisible = 0;
			defaultConfigurationName = Release;
		};
		434E575321EE6A1C00E75280 /* Build configuration list for PBXNativeTarget "Project12A-UserDefaults" */ = {
			isa = XCConfigurationList;
			buildConfigurations = (
				434E575421EE6A1C00E75280 /* Debug */,
				434E575521EE6A1C00E75280 /* Release */,
			);
			defaultConfigurationIsVisible = 0;
			defaultConfigurationName = Release;
		};
/* End XCConfigurationList section */
	};
	rootObject = 434E573921EE6A1A00E75280 /* Project object */;
}
