// !$*UTF8*$!
{
	archiveVersion = 1;
	classes = {
	};
	objectVersion = 50;
	objects = {

/* Begin PBXBuildFile section */
		43101D892294ED2D00497E0C /* AppDelegate.swift in Sources */ = {isa = PBXBuildFile; fileRef = 43101D882294ED2D00497E0C /* AppDelegate.swift */; };
		43101D8B2294ED2D00497E0C /* ViewController.swift in Sources */ = {isa = PBXBuildFile; fileRef = 43101D8A2294ED2D00497E0C /* ViewController.swift */; };
		43101D8E2294ED2D00497E0C /* Main.storyboard in Resources */ = {isa = PBXBuildFile; fileRef = 43101D8C2294ED2D00497E0C /* Main.storyboard */; };
		43101D902294ED2D00497E0C /* Assets.xcassets in Resources */ = {isa = PBXBuildFile; fileRef = 43101D8F2294ED2D00497E0C /* Assets.xcassets */; };
		43101D932294ED2D00497E0C /* LaunchScreen.storyboard in Resources */ = {isa = PBXBuildFile; fileRef = 43101D912294ED2D00497E0C /* LaunchScreen.storyboard */; };
		43101D982294ED2E00497E0C /* Project37-PsychicTester WatchKit App.app in Embed Watch Content */ = {isa = PBXBuildFile; fileRef = 43101D972294ED2E00497E0C /* Project37-PsychicTester WatchKit App.app */; };
		43101D9E2294ED2E00497E0C /* Interface.storyboard in Resources */ = {isa = PBXBuildFile; fileRef = 43101D9C2294ED2E00497E0C /* Interface.storyboard */; };
		43101DA02294ED2E00497E0C /* Assets.xcassets in Resources */ = {isa = PBXBuildFile; fileRef = 43101D9F2294ED2E00497E0C /* Assets.xcassets */; };
		43101DA72294ED2E00497E0C /* Project37-PsychicTester WatchKit Extension.appex in Embed App Extensions */ = {isa = PBXBuildFile; fileRef = 43101DA62294ED2E00497E0C /* Project37-PsychicTester WatchKit Extension.appex */; settings = {ATTRIBUTES = (RemoveHeadersOnCopy, ); }; };
		43101DAC2294ED2E00497E0C /* InterfaceController.swift in Sources */ = {isa = PBXBuildFile; fileRef = 43101DAB2294ED2E00497E0C /* InterfaceController.swift */; };
		43101DAE2294ED2E00497E0C /* ExtensionDelegate.swift in Sources */ = {isa = PBXBuildFile; fileRef = 43101DAD2294ED2E00497E0C /* ExtensionDelegate.swift */; };
		43101DB02294ED2F00497E0C /* Assets.xcassets in Resources */ = {isa = PBXBuildFile; fileRef = 43101DAF2294ED2F00497E0C /* Assets.xcassets */; };
		43101DEA2294EF1B00497E0C /* CardViewController.swift in Sources */ = {isa = PBXBuildFile; fileRef = 43101DE92294EF1B00497E0C /* CardViewController.swift */; };
		43101DEC2294F97000497E0C /* GradientView.swift in Sources */ = {isa = PBXBuildFile; fileRef = 43101DEB2294F97000497E0C /* GradientView.swift */; };
/* End PBXBuildFile section */

/* Begin PBXContainerItemProxy section */
		43101D992294ED2E00497E0C /* PBXContainerItemProxy */ = {
			isa = PBXContainerItemProxy;
			containerPortal = 43101D7D2294ED2D00497E0C /* Project object */;
			proxyType = 1;
			remoteGlobalIDString = 43101D962294ED2E00497E0C;
			remoteInfo = "Project37-PsychicTester WatchKit App";
		};
		43101DA82294ED2E00497E0C /* PBXContainerItemProxy */ = {
			isa = PBXContainerItemProxy;
			containerPortal = 43101D7D2294ED2D00497E0C /* Project object */;
			proxyType = 1;
			remoteGlobalIDString = 43101DA52294ED2E00497E0C;
			remoteInfo = "Project37-PsychicTester WatchKit Extension";
		};
/* End PBXContainerItemProxy section */

/* Begin PBXCopyFilesBuildPhase section */
		43101DB72294ED2F00497E0C /* Embed App Extensions */ = {
			isa = PBXCopyFilesBuildPhase;
			buildActionMask = 2147483647;
			dstPath = "";
			dstSubfolderSpec = 13;
			files = (
				43101DA72294ED2E00497E0C /* Project37-PsychicTester WatchKit Extension.appex in Embed App Extensions */,
			);
			name = "Embed App Extensions";
			runOnlyForDeploymentPostprocessing = 0;
		};
		43101DBB2294ED2F00497E0C /* Embed Watch Content */ = {
			isa = PBXCopyFilesBuildPhase;
			buildActionMask = 2147483647;
			dstPath = "$(CONTENTS_FOLDER_PATH)/Watch";
			dstSubfolderSpec = 16;
			files = (
				43101D982294ED2E00497E0C /* Project37-PsychicTester WatchKit App.app in Embed Watch Content */,
			);
			name = "Embed Watch Content";
			runOnlyForDeploymentPostprocessing = 0;
		};
/* End PBXCopyFilesBuildPhase section */

/* Begin PBXFileReference section */
		43101D852294ED2D00497E0C /* Project37-PsychicTester.app */ = {isa = PBXFileReference; explicitFileType = wrapper.application; includeInIndex = 0; path = "Project37-PsychicTester.app"; sourceTree = BUILT_PRODUCTS_DIR; };
		43101D882294ED2D00497E0C /* AppDelegate.swift */ = {isa = PBXFileReference; lastKnownFileType = sourcecode.swift; path = AppDelegate.swift; sourceTree = "<group>"; };
		43101D8A2294ED2D00497E0C /* ViewController.swift */ = {isa = PBXFileReference; lastKnownFileType = sourcecode.swift; path = ViewController.swift; sourceTree = "<group>"; };
		43101D8D2294ED2D00497E0C /* Base */ = {isa = PBXFileReference; lastKnownFileType = file.storyboard; name = Base; path = Base.lproj/Main.storyboard; sourceTree = "<group>"; };
		43101D8F2294ED2D00497E0C /* Assets.xcassets */ = {isa = PBXFileReference; lastKnownFileType = folder.assetcatalog; path = Assets.xcassets; sourceTree = "<group>"; };
		43101D922294ED2D00497E0C /* Base */ = {isa = PBXFileReference; lastKnownFileType = file.storyboard; name = Base; path = Base.lproj/LaunchScreen.storyboard; sourceTree = "<group>"; };
		43101D942294ED2D00497E0C /* Info.plist */ = {isa = PBXFileReference; lastKnownFileType = text.plist.xml; path = Info.plist; sourceTree = "<group>"; };
		43101D972294ED2E00497E0C /* Project37-PsychicTester WatchKit App.app */ = {isa = PBXFileReference; explicitFileType = wrapper.application; includeInIndex = 0; path = "Project37-PsychicTester WatchKit App.app"; sourceTree = BUILT_PRODUCTS_DIR; };
		43101D9D2294ED2E00497E0C /* Base */ = {isa = PBXFileReference; lastKnownFileType = file.storyboard; name = Base; path = Base.lproj/Interface.storyboard; sourceTree = "<group>"; };
		43101D9F2294ED2E00497E0C /* Assets.xcassets */ = {isa = PBXFileReference; lastKnownFileType = folder.assetcatalog; path = Assets.xcassets; sourceTree = "<group>"; };
		43101DA12294ED2E00497E0C /* Info.plist */ = {isa = PBXFileReference; lastKnownFileType = text.plist.xml; path = Info.plist; sourceTree = "<group>"; };
		43101DA62294ED2E00497E0C /* Project37-PsychicTester WatchKit Extension.appex */ = {isa = PBXFileReference; explicitFileType = "wrapper.app-extension"; includeInIndex = 0; path = "Project37-PsychicTester WatchKit Extension.appex"; sourceTree = BUILT_PRODUCTS_DIR; };
		43101DAB2294ED2E00497E0C /* InterfaceController.swift */ = {isa = PBXFileReference; lastKnownFileType = sourcecode.swift; path = InterfaceController.swift; sourceTree = "<group>"; };
		43101DAD2294ED2E00497E0C /* ExtensionDelegate.swift */ = {isa = PBXFileReference; lastKnownFileType = sourcecode.swift; path = ExtensionDelegate.swift; sourceTree = "<group>"; };
		43101DAF2294ED2F00497E0C /* Assets.xcassets */ = {isa = PBXFileReference; lastKnownFileType = folder.assetcatalog; path = Assets.xcassets; sourceTree = "<group>"; };
		43101DB12294ED2F00497E0C /* Info.plist */ = {isa = PBXFileReference; lastKnownFileType = text.plist.xml; path = Info.plist; sourceTree = "<group>"; };
		43101DE92294EF1B00497E0C /* CardViewController.swift */ = {isa = PBXFileReference; lastKnownFileType = sourcecode.swift; path = CardViewController.swift; sourceTree = "<group>"; };
		43101DEB2294F97000497E0C /* GradientView.swift */ = {isa = PBXFileReference; lastKnownFileType = sourcecode.swift; path = GradientView.swift; sourceTree = "<group>"; };
		43101DF62295CD4700497E0C /* PhantomFromSpace.mp3 */ = {isa = PBXFileReference; lastKnownFileType = audio.mp3; path = PhantomFromSpace.mp3; sourceTree = "<group>"; };
/* End PBXFileReference section */

/* Begin PBXFrameworksBuildPhase section */
		43101D822294ED2D00497E0C /* Frameworks */ = {
			isa = PBXFrameworksBuildPhase;
			buildActionMask = 2147483647;
			files = (
			);
			runOnlyForDeploymentPostprocessing = 0;
		};
		43101DA32294ED2E00497E0C /* Frameworks */ = {
			isa = PBXFrameworksBuildPhase;
			buildActionMask = 2147483647;
			files = (
			);
			runOnlyForDeploymentPostprocessing = 0;
		};
/* End PBXFrameworksBuildPhase section */

/* Begin PBXGroup section */
		43101D7C2294ED2D00497E0C = {
			isa = PBXGroup;
			children = (
				43101D872294ED2D00497E0C /* Project37-PsychicTester */,
				43101D9B2294ED2E00497E0C /* Project37-PsychicTester WatchKit App */,
				43101DAA2294ED2E00497E0C /* Project37-PsychicTester WatchKit Extension */,
				43101D862294ED2D00497E0C /* Products */,
			);
			sourceTree = "<group>";
		};
		43101D862294ED2D00497E0C /* Products */ = {
			isa = PBXGroup;
			children = (
				43101D852294ED2D00497E0C /* Project37-PsychicTester.app */,
				43101D972294ED2E00497E0C /* Project37-PsychicTester WatchKit App.app */,
				43101DA62294ED2E00497E0C /* Project37-PsychicTester WatchKit Extension.appex */,
			);
			name = Products;
			sourceTree = "<group>";
		};
		43101D872294ED2D00497E0C /* Project37-PsychicTester */ = {
			isa = PBXGroup;
			children = (
				43101D882294ED2D00497E0C /* AppDelegate.swift */,
				43101D8A2294ED2D00497E0C /* ViewController.swift */,
				43101DE92294EF1B00497E0C /* CardViewController.swift */,
				43101D8C2294ED2D00497E0C /* Main.storyboard */,
				43101D8F2294ED2D00497E0C /* Assets.xcassets */,
				43101D912294ED2D00497E0C /* LaunchScreen.storyboard */,
				43101D942294ED2D00497E0C /* Info.plist */,
				43101DEB2294F97000497E0C /* GradientView.swift */,
				43101DF62295CD4700497E0C /* PhantomFromSpace.mp3 */,
			);
			path = "Project37-PsychicTester";
			sourceTree = "<group>";
		};
		43101D9B2294ED2E00497E0C /* Project37-PsychicTester WatchKit App */ = {
			isa = PBXGroup;
			children = (
				43101D9C2294ED2E00497E0C /* Interface.storyboard */,
				43101D9F2294ED2E00497E0C /* Assets.xcassets */,
				43101DA12294ED2E00497E0C /* Info.plist */,
			);
			path = "Project37-PsychicTester WatchKit App";
			sourceTree = "<group>";
		};
		43101DAA2294ED2E00497E0C /* Project37-PsychicTester WatchKit Extension */ = {
			isa = PBXGroup;
			children = (
				43101DAB2294ED2E00497E0C /* InterfaceController.swift */,
				43101DAD2294ED2E00497E0C /* ExtensionDelegate.swift */,
				43101DAF2294ED2F00497E0C /* Assets.xcassets */,
				43101DB12294ED2F00497E0C /* Info.plist */,
			);
			path = "Project37-PsychicTester WatchKit Extension";
			sourceTree = "<group>";
		};
/* End PBXGroup section */

/* Begin PBXNativeTarget section */
		43101D842294ED2D00497E0C /* Project37-PsychicTester */ = {
			isa = PBXNativeTarget;
			buildConfigurationList = 43101DBC2294ED2F00497E0C /* Build configuration list for PBXNativeTarget "Project37-PsychicTester" */;
			buildPhases = (
				43101D812294ED2D00497E0C /* Sources */,
				43101D822294ED2D00497E0C /* Frameworks */,
				43101D832294ED2D00497E0C /* Resources */,
				43101DBB2294ED2F00497E0C /* Embed Watch Content */,
			);
			buildRules = (
			);
			dependencies = (
				43101D9A2294ED2E00497E0C /* PBXTargetDependency */,
			);
			name = "Project37-PsychicTester";
			productName = "Project37-PsychicTester";
			productReference = 43101D852294ED2D00497E0C /* Project37-PsychicTester.app */;
			productType = "com.apple.product-type.application";
		};
		43101D962294ED2E00497E0C /* Project37-PsychicTester WatchKit App */ = {
			isa = PBXNativeTarget;
			buildConfigurationList = 43101DB82294ED2F00497E0C /* Build configuration list for PBXNativeTarget "Project37-PsychicTester WatchKit App" */;
			buildPhases = (
				43101D952294ED2E00497E0C /* Resources */,
				43101DB72294ED2F00497E0C /* Embed App Extensions */,
			);
			buildRules = (
			);
			dependencies = (
				43101DA92294ED2E00497E0C /* PBXTargetDependency */,
			);
			name = "Project37-PsychicTester WatchKit App";
			productName = "Project37-PsychicTester WatchKit App";
			productReference = 43101D972294ED2E00497E0C /* Project37-PsychicTester WatchKit App.app */;
			productType = "com.apple.product-type.application.watchapp2";
		};
		43101DA52294ED2E00497E0C /* Project37-PsychicTester WatchKit Extension */ = {
			isa = PBXNativeTarget;
			buildConfigurationList = 43101DB42294ED2F00497E0C /* Build configuration list for PBXNativeTarget "Project37-PsychicTester WatchKit Extension" */;
			buildPhases = (
				43101DA22294ED2E00497E0C /* Sources */,
				43101DA32294ED2E00497E0C /* Frameworks */,
				43101DA42294ED2E00497E0C /* Resources */,
			);
			buildRules = (
			);
			dependencies = (
			);
			name = "Project37-PsychicTester WatchKit Extension";
			productName = "Project37-PsychicTester WatchKit Extension";
			productReference = 43101DA62294ED2E00497E0C /* Project37-PsychicTester WatchKit Extension.appex */;
			productType = "com.apple.product-type.watchkit2-extension";
		};
/* End PBXNativeTarget section */

/* Begin PBXProject section */
		43101D7D2294ED2D00497E0C /* Project object */ = {
			isa = PBXProject;
			attributes = {
				LastSwiftUpdateCheck = 1020;
				LastUpgradeCheck = 1020;
				ORGANIZATIONNAME = "Kush, Ryan";
				TargetAttributes = {
					43101D842294ED2D00497E0C = {
						CreatedOnToolsVersion = 10.2.1;
					};
					43101D962294ED2E00497E0C = {
						CreatedOnToolsVersion = 10.2.1;
					};
					43101DA52294ED2E00497E0C = {
						CreatedOnToolsVersion = 10.2.1;
					};
				};
			};
			buildConfigurationList = 43101D802294ED2D00497E0C /* Build configuration list for PBXProject "Project37-PsychicTester" */;
			compatibilityVersion = "Xcode 9.3";
			developmentRegion = en;
			hasScannedForEncodings = 0;
			knownRegions = (
				en,
				Base,
			);
			mainGroup = 43101D7C2294ED2D00497E0C;
			productRefGroup = 43101D862294ED2D00497E0C /* Products */;
			projectDirPath = "";
			projectRoot = "";
			targets = (
				43101D842294ED2D00497E0C /* Project37-PsychicTester */,
				43101D962294ED2E00497E0C /* Project37-PsychicTester WatchKit App */,
				43101DA52294ED2E00497E0C /* Project37-PsychicTester WatchKit Extension */,
			);
		};
/* End PBXProject section */

/* Begin PBXResourcesBuildPhase section */
		43101D832294ED2D00497E0C /* Resources */ = {
			isa = PBXResourcesBuildPhase;
			buildActionMask = 2147483647;
			files = (
				43101D932294ED2D00497E0C /* LaunchScreen.storyboard in Resources */,
				43101D902294ED2D00497E0C /* Assets.xcassets in Resources */,
				43101D8E2294ED2D00497E0C /* Main.storyboard in Resources */,
			);
			runOnlyForDeploymentPostprocessing = 0;
		};
		43101D952294ED2E00497E0C /* Resources */ = {
			isa = PBXResourcesBuildPhase;
			buildActionMask = 2147483647;
			files = (
				43101DA02294ED2E00497E0C /* Assets.xcassets in Resources */,
				43101D9E2294ED2E00497E0C /* Interface.storyboard in Resources */,
			);
			runOnlyForDeploymentPostprocessing = 0;
		};
		43101DA42294ED2E00497E0C /* Resources */ = {
			isa = PBXResourcesBuildPhase;
			buildActionMask = 2147483647;
			files = (
				43101DB02294ED2F00497E0C /* Assets.xcassets in Resources */,
			);
			runOnlyForDeploymentPostprocessing = 0;
		};
/* End PBXResourcesBuildPhase section */

/* Begin PBXSourcesBuildPhase section */
		43101D812294ED2D00497E0C /* Sources */ = {
			isa = PBXSourcesBuildPhase;
			buildActionMask = 2147483647;
			files = (
				43101D8B2294ED2D00497E0C /* ViewController.swift in Sources */,
				43101D892294ED2D00497E0C /* AppDelegate.swift in Sources */,
				43101DEC2294F97000497E0C /* GradientView.swift in Sources */,
				43101DEA2294EF1B00497E0C /* CardViewController.swift in Sources */,
			);
			runOnlyForDeploymentPostprocessing = 0;
		};
		43101DA22294ED2E00497E0C /* Sources */ = {
			isa = PBXSourcesBuildPhase;
			buildActionMask = 2147483647;
			files = (
				43101DAE2294ED2E00497E0C /* ExtensionDelegate.swift in Sources */,
				43101DAC2294ED2E00497E0C /* InterfaceController.swift in Sources */,
			);
			runOnlyForDeploymentPostprocessing = 0;
		};
/* End PBXSourcesBuildPhase section */

/* Begin PBXTargetDependency section */
		43101D9A2294ED2E00497E0C /* PBXTargetDependency */ = {
			isa = PBXTargetDependency;
			target = 43101D962294ED2E00497E0C /* Project37-PsychicTester WatchKit App */;
			targetProxy = 43101D992294ED2E00497E0C /* PBXContainerItemProxy */;
		};
		43101DA92294ED2E00497E0C /* PBXTargetDependency */ = {
			isa = PBXTargetDependency;
			target = 43101DA52294ED2E00497E0C /* Project37-PsychicTester WatchKit Extension */;
			targetProxy = 43101DA82294ED2E00497E0C /* PBXContainerItemProxy */;
		};
/* End PBXTargetDependency section */

/* Begin PBXVariantGroup section */
		43101D8C2294ED2D00497E0C /* Main.storyboard */ = {
			isa = PBXVariantGroup;
			children = (
				43101D8D2294ED2D00497E0C /* Base */,
			);
			name = Main.storyboard;
			sourceTree = "<group>";
		};
		43101D912294ED2D00497E0C /* LaunchScreen.storyboard */ = {
			isa = PBXVariantGroup;
			children = (
				43101D922294ED2D00497E0C /* Base */,
			);
			name = LaunchScreen.storyboard;
			sourceTree = "<group>";
		};
		43101D9C2294ED2E00497E0C /* Interface.storyboard */ = {
			isa = PBXVariantGroup;
			children = (
				43101D9D2294ED2E00497E0C /* Base */,
			);
			name = Interface.storyboard;
			sourceTree = "<group>";
		};
/* End PBXVariantGroup section */

/* Begin XCBuildConfiguration section */
		43101DB22294ED2F00497E0C /* Debug */ = {
			isa = XCBuildConfiguration;
			buildSettings = {
				ALWAYS_SEARCH_USER_PATHS = NO;
				CLANG_ANALYZER_NONNULL = YES;
				CLANG_ANALYZER_NUMBER_OBJECT_CONVERSION = YES_AGGRESSIVE;
				CLANG_CXX_LANGUAGE_STANDARD = "gnu++14";
				CLANG_CXX_LIBRARY = "libc++";
				CLANG_ENABLE_MODULES = YES;
				CLANG_ENABLE_OBJC_ARC = YES;
				CLANG_ENABLE_OBJC_WEAK = YES;
				CLANG_WARN_BLOCK_CAPTURE_AUTORELEASING = YES;
				CLANG_WARN_BOOL_CONVERSION = YES;
				CLANG_WARN_COMMA = YES;
				CLANG_WARN_CONSTANT_CONVERSION = YES;
				CLANG_WARN_DEPRECATED_OBJC_IMPLEMENTATIONS = YES;
				CLANG_WARN_DIRECT_OBJC_ISA_USAGE = YES_ERROR;
				CLANG_WARN_DOCUMENTATION_COMMENTS = YES;
				CLANG_WARN_EMPTY_BODY = YES;
				CLANG_WARN_ENUM_CONVERSION = YES;
				CLANG_WARN_INFINITE_RECURSION = YES;
				CLANG_WARN_INT_CONVERSION = YES;
				CLANG_WARN_NON_LITERAL_NULL_CONVERSION = YES;
				CLANG_WARN_OBJC_IMPLICIT_RETAIN_SELF = YES;
				CLANG_WARN_OBJC_LITERAL_CONVERSION = YES;
				CLANG_WARN_OBJC_ROOT_CLASS = YES_ERROR;
				CLANG_WARN_RANGE_LOOP_ANALYSIS = YES;
				CLANG_WARN_STRICT_PROTOTYPES = YES;
				CLANG_WARN_SUSPICIOUS_MOVE = YES;
				CLANG_WARN_UNGUARDED_AVAILABILITY = YES_AGGRESSIVE;
				CLANG_WARN_UNREACHABLE_CODE = YES;
				CLANG_WARN__DUPLICATE_METHOD_MATCH = YES;
				CODE_SIGN_IDENTITY = "iPhone Developer";
				COPY_PHASE_STRIP = NO;
				DEBUG_INFORMATION_FORMAT = dwarf;
				ENABLE_STRICT_OBJC_MSGSEND = YES;
				ENABLE_TESTABILITY = YES;
				GCC_C_LANGUAGE_STANDARD = gnu11;
				GCC_DYNAMIC_NO_PIC = NO;
				GCC_NO_COMMON_BLOCKS = YES;
				GCC_OPTIMIZATION_LEVEL = 0;
				GCC_PREPROCESSOR_DEFINITIONS = (
					"DEBUG=1",
					"$(inherited)",
				);
				GCC_WARN_64_TO_32_BIT_CONVERSION = YES;
				GCC_WARN_ABOUT_RETURN_TYPE = YES_ERROR;
				GCC_WARN_UNDECLARED_SELECTOR = YES;
				GCC_WARN_UNINITIALIZED_AUTOS = YES_AGGRESSIVE;
				GCC_WARN_UNUSED_FUNCTION = YES;
				GCC_WARN_UNUSED_VARIABLE = YES;
				IPHONEOS_DEPLOYMENT_TARGET = 12.2;
				MTL_ENABLE_DEBUG_INFO = INCLUDE_SOURCE;
				MTL_FAST_MATH = YES;
				ONLY_ACTIVE_ARCH = YES;
				SDKROOT = iphoneos;
				SWIFT_ACTIVE_COMPILATION_CONDITIONS = DEBUG;
				SWIFT_OPTIMIZATION_LEVEL = "-Onone";
			};
			name = Debug;
		};
		43101DB32294ED2F00497E0C /* Release */ = {
			isa = XCBuildConfiguration;
			buildSettings = {
				ALWAYS_SEARCH_USER_PATHS = NO;
				CLANG_ANALYZER_NONNULL = YES;
				CLANG_ANALYZER_NUMBER_OBJECT_CONVERSION = YES_AGGRESSIVE;
				CLANG_CXX_LANGUAGE_STANDARD = "gnu++14";
				CLANG_CXX_LIBRARY = "libc++";
				CLANG_ENABLE_MODULES = YES;
				CLANG_ENABLE_OBJC_ARC = YES;
				CLANG_ENABLE_OBJC_WEAK = YES;
				CLANG_WARN_BLOCK_CAPTURE_AUTORELEASING = YES;
				CLANG_WARN_BOOL_CONVERSION = YES;
				CLANG_WARN_COMMA = YES;
				CLANG_WARN_CONSTANT_CONVERSION = YES;
				CLANG_WARN_DEPRECATED_OBJC_IMPLEMENTATIONS = YES;
				CLANG_WARN_DIRECT_OBJC_ISA_USAGE = YES_ERROR;
				CLANG_WARN_DOCUMENTATION_COMMENTS = YES;
				CLANG_WARN_EMPTY_BODY = YES;
				CLANG_WARN_ENUM_CONVERSION = YES;
				CLANG_WARN_INFINITE_RECURSION = YES;
				CLANG_WARN_INT_CONVERSION = YES;
				CLANG_WARN_NON_LITERAL_NULL_CONVERSION = YES;
				CLANG_WARN_OBJC_IMPLICIT_RETAIN_SELF = YES;
				CLANG_WARN_OBJC_LITERAL_CONVERSION = YES;
				CLANG_WARN_OBJC_ROOT_CLASS = YES_ERROR;
				CLANG_WARN_RANGE_LOOP_ANALYSIS = YES;
				CLANG_WARN_STRICT_PROTOTYPES = YES;
				CLANG_WARN_SUSPICIOUS_MOVE = YES;
				CLANG_WARN_UNGUARDED_AVAILABILITY = YES_AGGRESSIVE;
				CLANG_WARN_UNREACHABLE_CODE = YES;
				CLANG_WARN__DUPLICATE_METHOD_MATCH = YES;
				CODE_SIGN_IDENTITY = "iPhone Developer";
				COPY_PHASE_STRIP = NO;
				DEBUG_INFORMATION_FORMAT = "dwarf-with-dsym";
				ENABLE_NS_ASSERTIONS = NO;
				ENABLE_STRICT_OBJC_MSGSEND = YES;
				GCC_C_LANGUAGE_STANDARD = gnu11;
				GCC_NO_COMMON_BLOCKS = YES;
				GCC_WARN_64_TO_32_BIT_CONVERSION = YES;
				GCC_WARN_ABOUT_RETURN_TYPE = YES_ERROR;
				GCC_WARN_UNDECLARED_SELECTOR = YES;
				GCC_WARN_UNINITIALIZED_AUTOS = YES_AGGRESSIVE;
				GCC_WARN_UNUSED_FUNCTION = YES;
				GCC_WARN_UNUSED_VARIABLE = YES;
				IPHONEOS_DEPLOYMENT_TARGET = 12.2;
				MTL_ENABLE_DEBUG_INFO = NO;
				MTL_FAST_MATH = YES;
				SDKROOT = iphoneos;
				SWIFT_COMPILATION_MODE = wholemodule;
				SWIFT_OPTIMIZATION_LEVEL = "-O";
				VALIDATE_PRODUCT = YES;
			};
			name = Release;
		};
		43101DB52294ED2F00497E0C /* Debug */ = {
			isa = XCBuildConfiguration;
			buildSettings = {
				ASSETCATALOG_COMPILER_COMPLICATION_NAME = Complication;
				CODE_SIGN_STYLE = Automatic;
				DEVELOPMENT_TEAM = 834VY2ZCYH;
				INFOPLIST_FILE = "Project37-PsychicTester WatchKit Extension/Info.plist";
				LD_RUNPATH_SEARCH_PATHS = (
					"$(inherited)",
					"@executable_path/Frameworks",
					"@executable_path/../../Frameworks",
				);
				PRODUCT_BUNDLE_IDENTIFIER = "com.KushApps.Project37-PsychicTester.watchkitapp.watchkitextension";
				PRODUCT_NAME = "${TARGET_NAME}";
				SDKROOT = watchos;
				SKIP_INSTALL = YES;
				SWIFT_VERSION = 5.0;
				TARGETED_DEVICE_FAMILY = 4;
				WATCHOS_DEPLOYMENT_TARGET = 5.2;
			};
			name = Debug;
		};
		43101DB62294ED2F00497E0C /* Release */ = {
			isa = XCBuildConfiguration;
			buildSettings = {
				ASSETCATALOG_COMPILER_COMPLICATION_NAME = Complication;
				CODE_SIGN_STYLE = Automatic;
				DEVELOPMENT_TEAM = 834VY2ZCYH;
				INFOPLIST_FILE = "Project37-PsychicTester WatchKit Extension/Info.plist";
				LD_RUNPATH_SEARCH_PATHS = (
					"$(inherited)",
					"@executable_path/Frameworks",
					"@executable_path/../../Frameworks",
				);
				PRODUCT_BUNDLE_IDENTIFIER = "com.KushApps.Project37-PsychicTester.watchkitapp.watchkitextension";
				PRODUCT_NAME = "${TARGET_NAME}";
				SDKROOT = watchos;
				SKIP_INSTALL = YES;
				SWIFT_VERSION = 5.0;
				TARGETED_DEVICE_FAMILY = 4;
				WATCHOS_DEPLOYMENT_TARGET = 5.2;
			};
			name = Release;
		};
		43101DB92294ED2F00497E0C /* Debug */ = {
			isa = XCBuildConfiguration;
			buildSettings = {
				ALWAYS_EMBED_SWIFT_STANDARD_LIBRARIES = YES;
				ASSETCATALOG_COMPILER_APPICON_NAME = AppIcon;
				CODE_SIGN_STYLE = Automatic;
				DEVELOPMENT_TEAM = 834VY2ZCYH;
				IBSC_MODULE = Project37_PsychicTester_WatchKit_Extension;
				INFOPLIST_FILE = "Project37-PsychicTester WatchKit App/Info.plist";
				PRODUCT_BUNDLE_IDENTIFIER = "com.KushApps.Project37-PsychicTester.watchkitapp";
				PRODUCT_NAME = "$(TARGET_NAME)";
				SDKROOT = watchos;
				SKIP_INSTALL = YES;
				SWIFT_VERSION = 5.0;
				TARGETED_DEVICE_FAMILY = 4;
				WATCHOS_DEPLOYMENT_TARGET = 5.2;
			};
			name = Debug;
		};
		43101DBA2294ED2F00497E0C /* Release */ = {
			isa = XCBuildConfiguration;
			buildSettings = {
				ALWAYS_EMBED_SWIFT_STANDARD_LIBRARIES = YES;
				ASSETCATALOG_COMPILER_APPICON_NAME = AppIcon;
				CODE_SIGN_STYLE = Automatic;
				DEVELOPMENT_TEAM = 834VY2ZCYH;
				IBSC_MODULE = Project37_PsychicTester_WatchKit_Extension;
				INFOPLIST_FILE = "Project37-PsychicTester WatchKit App/Info.plist";
				PRODUCT_BUNDLE_IDENTIFIER = "com.KushApps.Project37-PsychicTester.watchkitapp";
				PRODUCT_NAME = "$(TARGET_NAME)";
				SDKROOT = watchos;
				SKIP_INSTALL = YES;
				SWIFT_VERSION = 5.0;
				TARGETED_DEVICE_FAMILY = 4;
				WATCHOS_DEPLOYMENT_TARGET = 5.2;
			};
			name = Release;
		};
		43101DBD2294ED2F00497E0C /* Debug */ = {
			isa = XCBuildConfiguration;
			buildSettings = {
				ASSETCATALOG_COMPILER_APPICON_NAME = AppIcon;
				CODE_SIGN_STYLE = Automatic;
				DEVELOPMENT_TEAM = 834VY2ZCYH;
				INFOPLIST_FILE = "Project37-PsychicTester/Info.plist";
				LD_RUNPATH_SEARCH_PATHS = (
					"$(inherited)",
					"@executable_path/Frameworks",
				);
				PRODUCT_BUNDLE_IDENTIFIER = "com.KushApps.Project37-PsychicTester";
				PRODUCT_NAME = "$(TARGET_NAME)";
				SWIFT_VERSION = 5.0;
				TARGETED_DEVICE_FAMILY = 1;
			};
			name = Debug;
		};
		43101DBE2294ED2F00497E0C /* Release */ = {
			isa = XCBuildConfiguration;
			buildSettings = {
				ASSETCATALOG_COMPILER_APPICON_NAME = AppIcon;
				CODE_SIGN_STYLE = Automatic;
				DEVELOPMENT_TEAM = 834VY2ZCYH;
				INFOPLIST_FILE = "Project37-PsychicTester/Info.plist";
				LD_RUNPATH_SEARCH_PATHS = (
					"$(inherited)",
					"@executable_path/Frameworks",
				);
				PRODUCT_BUNDLE_IDENTIFIER = "com.KushApps.Project37-PsychicTester";
				PRODUCT_NAME = "$(TARGET_NAME)";
				SWIFT_VERSION = 5.0;
				TARGETED_DEVICE_FAMILY = 1;
			};
			name = Release;
		};
/* End XCBuildConfiguration section */

/* Begin XCConfigurationList section */
		43101D802294ED2D00497E0C /* Build configuration list for PBXProject "Project37-PsychicTester" */ = {
			isa = XCConfigurationList;
			buildConfigurations = (
				43101DB22294ED2F00497E0C /* Debug */,
				43101DB32294ED2F00497E0C /* Release */,
			);
			defaultConfigurationIsVisible = 0;
			defaultConfigurationName = Release;
		};
		43101DB42294ED2F00497E0C /* Build configuration list for PBXNativeTarget "Project37-PsychicTester WatchKit Extension" */ = {
			isa = XCConfigurationList;
			buildConfigurations = (
				43101DB52294ED2F00497E0C /* Debug */,
				43101DB62294ED2F00497E0C /* Release */,
			);
			defaultConfigurationIsVisible = 0;
			defaultConfigurationName = Release;
		};
		43101DB82294ED2F00497E0C /* Build configuration list for PBXNativeTarget "Project37-PsychicTester WatchKit App" */ = {
			isa = XCConfigurationList;
			buildConfigurations = (
				43101DB92294ED2F00497E0C /* Debug */,
				43101DBA2294ED2F00497E0C /* Release */,
			);
			defaultConfigurationIsVisible = 0;
			defaultConfigurationName = Release;
		};
		43101DBC2294ED2F00497E0C /* Build configuration list for PBXNativeTarget "Project37-PsychicTester" */ = {
			isa = XCConfigurationList;
			buildConfigurations = (
				43101DBD2294ED2F00497E0C /* Debug */,
				43101DBE2294ED2F00497E0C /* Release */,
			);
			defaultConfigurationIsVisible = 0;
			defaultConfigurationName = Release;
		};
/* End XCConfigurationList section */
	};
	rootObject = 43101D7D2294ED2D00497E0C /* Project object */;
}
