// !$*UTF8*$!
{
	archiveVersion = 1;
	classes = {
	};
	objectVersion = 50;
	objects = {

/* Begin PBXBuildFile section */
		438B61D7223C4EC600A3F984 /* AppDelegate.swift in Sources */ = {isa = PBXBuildFile; fileRef = 438B61D6223C4EC600A3F984 /* AppDelegate.swift */; };
		438B61D9223C4EC600A3F984 /* ViewController.swift in Sources */ = {isa = PBXBuildFile; fileRef = 438B61D8223C4EC600A3F984 /* ViewController.swift */; };
		438B61DC223C4EC600A3F984 /* Main.storyboard in Resources */ = {isa = PBXBuildFile; fileRef = 438B61DA223C4EC600A3F984 /* Main.storyboard */; };
		438B61DE223C4EC700A3F984 /* Assets.xcassets in Resources */ = {isa = PBXBuildFile; fileRef = 438B61DD223C4EC700A3F984 /* Assets.xcassets */; };
		438B61E1223C4EC700A3F984 /* LaunchScreen.storyboard in Resources */ = {isa = PBXBuildFile; fileRef = 438B61DF223C4EC700A3F984 /* LaunchScreen.storyboard */; };
		438B61E9223C62AF00A3F984 /* Board.swift in Sources */ = {isa = PBXBuildFile; fileRef = 438B61E8223C62AF00A3F984 /* Board.swift */; };
		43E8EBEA2278068000062184 /* Move.swift in Sources */ = {isa = PBXBuildFile; fileRef = 43E8EBE92278068000062184 /* Move.swift */; };
		43EC58DE227002CF00532F61 /* Player.swift in Sources */ = {isa = PBXBuildFile; fileRef = 43EC58DD227002CF00532F61 /* Player.swift */; };
/* End PBXBuildFile section */

/* Begin PBXFileReference section */
		438B61D3223C4EC600A3F984 /* Project34-FourInARow.app */ = {isa = PBXFileReference; explicitFileType = wrapper.application; includeInIndex = 0; path = "Project34-FourInARow.app"; sourceTree = BUILT_PRODUCTS_DIR; };
		438B61D6223C4EC600A3F984 /* AppDelegate.swift */ = {isa = PBXFileReference; lastKnownFileType = sourcecode.swift; path = AppDelegate.swift; sourceTree = "<group>"; };
		438B61D8223C4EC600A3F984 /* ViewController.swift */ = {isa = PBXFileReference; lastKnownFileType = sourcecode.swift; path = ViewController.swift; sourceTree = "<group>"; };
		438B61DB223C4EC600A3F984 /* Base */ = {isa = PBXFileReference; lastKnownFileType = file.storyboard; name = Base; path = Base.lproj/Main.storyboard; sourceTree = "<group>"; };
		438B61DD223C4EC700A3F984 /* Assets.xcassets */ = {isa = PBXFileReference; lastKnownFileType = folder.assetcatalog; path = Assets.xcassets; sourceTree = "<group>"; };
		438B61E0223C4EC700A3F984 /* Base */ = {isa = PBXFileReference; lastKnownFileType = file.storyboard; name = Base; path = Base.lproj/LaunchScreen.storyboard; sourceTree = "<group>"; };
		438B61E2223C4EC700A3F984 /* Info.plist */ = {isa = PBXFileReference; lastKnownFileType = text.plist.xml; path = Info.plist; sourceTree = "<group>"; };
		438B61E8223C62AF00A3F984 /* Board.swift */ = {isa = PBXFileReference; lastKnownFileType = sourcecode.swift; path = Board.swift; sourceTree = "<group>"; };
		43E8EBE92278068000062184 /* Move.swift */ = {isa = PBXFileReference; lastKnownFileType = sourcecode.swift; name = Move.swift; path = "Project34-FourInARow/Move.swift"; sourceTree = "<group>"; };
		43EC58DD227002CF00532F61 /* Player.swift */ = {isa = PBXFileReference; lastKnownFileType = sourcecode.swift; path = Player.swift; sourceTree = "<group>"; };
/* End PBXFileReference section */

/* Begin PBXFrameworksBuildPhase section */
		438B61D0223C4EC600A3F984 /* Frameworks */ = {
			isa = PBXFrameworksBuildPhase;
			buildActionMask = 2147483647;
			files = (
			);
			runOnlyForDeploymentPostprocessing = 0;
		};
/* End PBXFrameworksBuildPhase section */

/* Begin PBXGroup section */
		438B61CA223C4EC600A3F984 = {
			isa = PBXGroup;
			children = (
				43E8EBE92278068000062184 /* Move.swift */,
				438B61D5223C4EC600A3F984 /* Project34-FourInARow */,
				438B61D4223C4EC600A3F984 /* Products */,
			);
			sourceTree = "<group>";
		};
		438B61D4223C4EC600A3F984 /* Products */ = {
			isa = PBXGroup;
			children = (
				438B61D3223C4EC600A3F984 /* Project34-FourInARow.app */,
			);
			name = Products;
			sourceTree = "<group>";
		};
		438B61D5223C4EC600A3F984 /* Project34-FourInARow */ = {
			isa = PBXGroup;
			children = (
				438B61D6223C4EC600A3F984 /* AppDelegate.swift */,
				438B61D8223C4EC600A3F984 /* ViewController.swift */,
				438B61E8223C62AF00A3F984 /* Board.swift */,
				43EC58DD227002CF00532F61 /* Player.swift */,
				438B61DA223C4EC600A3F984 /* Main.storyboard */,
				438B61DD223C4EC700A3F984 /* Assets.xcassets */,
				438B61DF223C4EC700A3F984 /* LaunchScreen.storyboard */,
				438B61E2223C4EC700A3F984 /* Info.plist */,
			);
			path = "Project34-FourInARow";
			sourceTree = "<group>";
		};
/* End PBXGroup section */

/* Begin PBXNativeTarget section */
		438B61D2223C4EC600A3F984 /* Project34-FourInARow */ = {
			isa = PBXNativeTarget;
			buildConfigurationList = 438B61E5223C4EC700A3F984 /* Build configuration list for PBXNativeTarget "Project34-FourInARow" */;
			buildPhases = (
				438B61CF223C4EC600A3F984 /* Sources */,
				438B61D0223C4EC600A3F984 /* Frameworks */,
				438B61D1223C4EC600A3F984 /* Resources */,
			);
			buildRules = (
			);
			dependencies = (
			);
			name = "Project34-FourInARow";
			productName = "Project34-FourInARow";
			productReference = 438B61D3223C4EC600A3F984 /* Project34-FourInARow.app */;
			productType = "com.apple.product-type.application";
		};
/* End PBXNativeTarget section */

/* Begin PBXProject section */
		438B61CB223C4EC600A3F984 /* Project object */ = {
			isa = PBXProject;
			attributes = {
				LastSwiftUpdateCheck = 1020;
				LastUpgradeCheck = 1020;
				ORGANIZATIONNAME = "Kush, Ryan";
				TargetAttributes = {
					438B61D2223C4EC600A3F984 = {
						CreatedOnToolsVersion = 10.2;
					};
				};
			};
			buildConfigurationList = 438B61CE223C4EC600A3F984 /* Build configuration list for PBXProject "Project34-FourInARow" */;
			compatibilityVersion = "Xcode 9.3";
			developmentRegion = en;
			hasScannedForEncodings = 0;
			knownRegions = (
				en,
				Base,
			);
			mainGroup = 438B61CA223C4EC600A3F984;
			productRefGroup = 438B61D4223C4EC600A3F984 /* Products */;
			projectDirPath = "";
			projectRoot = "";
			targets = (
				438B61D2223C4EC600A3F984 /* Project34-FourInARow */,
			);
		};
/* End PBXProject section */

/* Begin PBXResourcesBuildPhase section */
		438B61D1223C4EC600A3F984 /* Resources */ = {
			isa = PBXResourcesBuildPhase;
			buildActionMask = 2147483647;
			files = (
				438B61E1223C4EC700A3F984 /* LaunchScreen.storyboard in Resources */,
				438B61DE223C4EC700A3F984 /* Assets.xcassets in Resources */,
				438B61DC223C4EC600A3F984 /* Main.storyboard in Resources */,
			);
			runOnlyForDeploymentPostprocessing = 0;
		};
/* End PBXResourcesBuildPhase section */

/* Begin PBXSourcesBuildPhase section */
		438B61CF223C4EC600A3F984 /* Sources */ = {
			isa = PBXSourcesBuildPhase;
			buildActionMask = 2147483647;
			files = (
				43E8EBEA2278068000062184 /* Move.swift in Sources */,
				43EC58DE227002CF00532F61 /* Player.swift in Sources */,
				438B61D9223C4EC600A3F984 /* ViewController.swift in Sources */,
				438B61D7223C4EC600A3F984 /* AppDelegate.swift in Sources */,
				438B61E9223C62AF00A3F984 /* Board.swift in Sources */,
			);
			runOnlyForDeploymentPostprocessing = 0;
		};
/* End PBXSourcesBuildPhase section */

/* Begin PBXVariantGroup section */
		438B61DA223C4EC600A3F984 /* Main.storyboard */ = {
			isa = PBXVariantGroup;
			children = (
				438B61DB223C4EC600A3F984 /* Base */,
			);
			name = Main.storyboard;
			sourceTree = "<group>";
		};
		438B61DF223C4EC700A3F984 /* LaunchScreen.storyboard */ = {
			isa = PBXVariantGroup;
			children = (
				438B61E0223C4EC700A3F984 /* Base */,
			);
			name = LaunchScreen.storyboard;
			sourceTree = "<group>";
		};
/* End PBXVariantGroup section */

/* Begin XCBuildConfiguration section */
		438B61E3223C4EC700A3F984 /* Debug */ = {
			isa = XCBuildConfiguration;
			buildSettings = {
				ALWAYS_SEARCH_USER_PATHS = NO;
				CLANG_ANALYZER_NONNULL = YES;
				CLANG_ANALYZER_NUMBER_OBJECT_CONVERSION = YES_AGGRESSIVE;
				CLANG_CXX_LANGUAGE_STANDARD = "gnu++14";
				CLANG_CXX_LIBRARY = "libc++";
				CLANG_ENABLE_MODULES = YES;
				CLANG_ENABLE_OBJC_ARC = YES;
				CLANG_ENABLE_OBJC_WEAK = YES;
				CLANG_WARN_BLOCK_CAPTURE_AUTORELEASING = YES;
				CLANG_WARN_BOOL_CONVERSION = YES;
				CLANG_WARN_COMMA = YES;
				CLANG_WARN_CONSTANT_CONVERSION = YES;
				CLANG_WARN_DEPRECATED_OBJC_IMPLEMENTATIONS = YES;
				CLANG_WARN_DIRECT_OBJC_ISA_USAGE = YES_ERROR;
				CLANG_WARN_DOCUMENTATION_COMMENTS = YES;
				CLANG_WARN_EMPTY_BODY = YES;
				CLANG_WARN_ENUM_CONVERSION = YES;
				CLANG_WARN_INFINITE_RECURSION = YES;
				CLANG_WARN_INT_CONVERSION = YES;
				CLANG_WARN_NON_LITERAL_NULL_CONVERSION = YES;
				CLANG_WARN_OBJC_IMPLICIT_RETAIN_SELF = YES;
				CLANG_WARN_OBJC_LITERAL_CONVERSION = YES;
				CLANG_WARN_OBJC_ROOT_CLASS = YES_ERROR;
				CLANG_WARN_RANGE_LOOP_ANALYSIS = YES;
				CLANG_WARN_STRICT_PROTOTYPES = YES;
				CLANG_WARN_SUSPICIOUS_MOVE = YES;
				CLANG_WARN_UNGUARDED_AVAILABILITY = YES_AGGRESSIVE;
				CLANG_WARN_UNREACHABLE_CODE = YES;
				CLANG_WARN__DUPLICATE_METHOD_MATCH = YES;
				CODE_SIGN_IDENTITY = "iPhone Developer";
				COPY_PHASE_STRIP = NO;
				DEBUG_INFORMATION_FORMAT = dwarf;
				ENABLE_STRICT_OBJC_MSGSEND = YES;
				ENABLE_TESTABILITY = YES;
				GCC_C_LANGUAGE_STANDARD = gnu11;
				GCC_DYNAMIC_NO_PIC = NO;
				GCC_NO_COMMON_BLOCKS = YES;
				GCC_OPTIMIZATION_LEVEL = 0;
				GCC_PREPROCESSOR_DEFINITIONS = (
					"DEBUG=1",
					"$(inherited)",
				);
				GCC_WARN_64_TO_32_BIT_CONVERSION = YES;
				GCC_WARN_ABOUT_RETURN_TYPE = YES_ERROR;
				GCC_WARN_UNDECLARED_SELECTOR = YES;
				GCC_WARN_UNINITIALIZED_AUTOS = YES_AGGRESSIVE;
				GCC_WARN_UNUSED_FUNCTION = YES;
				GCC_WARN_UNUSED_VARIABLE = YES;
				IPHONEOS_DEPLOYMENT_TARGET = 12.2;
				MTL_ENABLE_DEBUG_INFO = INCLUDE_SOURCE;
				MTL_FAST_MATH = YES;
				ONLY_ACTIVE_ARCH = YES;
				SDKROOT = iphoneos;
				SWIFT_ACTIVE_COMPILATION_CONDITIONS = DEBUG;
				SWIFT_OPTIMIZATION_LEVEL = "-Onone";
			};
			name = Debug;
		};
		438B61E4223C4EC700A3F984 /* Release */ = {
			isa = XCBuildConfiguration;
			buildSettings = {
				ALWAYS_SEARCH_USER_PATHS = NO;
				CLANG_ANALYZER_NONNULL = YES;
				CLANG_ANALYZER_NUMBER_OBJECT_CONVERSION = YES_AGGRESSIVE;
				CLANG_CXX_LANGUAGE_STANDARD = "gnu++14";
				CLANG_CXX_LIBRARY = "libc++";
				CLANG_ENABLE_MODULES = YES;
				CLANG_ENABLE_OBJC_ARC = YES;
				CLANG_ENABLE_OBJC_WEAK = YES;
				CLANG_WARN_BLOCK_CAPTURE_AUTORELEASING = YES;
				CLANG_WARN_BOOL_CONVERSION = YES;
				CLANG_WARN_COMMA = YES;
				CLANG_WARN_CONSTANT_CONVERSION = YES;
				CLANG_WARN_DEPRECATED_OBJC_IMPLEMENTATIONS = YES;
				CLANG_WARN_DIRECT_OBJC_ISA_USAGE = YES_ERROR;
				CLANG_WARN_DOCUMENTATION_COMMENTS = YES;
				CLANG_WARN_EMPTY_BODY = YES;
				CLANG_WARN_ENUM_CONVERSION = YES;
				CLANG_WARN_INFINITE_RECURSION = YES;
				CLANG_WARN_INT_CONVERSION = YES;
				CLANG_WARN_NON_LITERAL_NULL_CONVERSION = YES;
				CLANG_WARN_OBJC_IMPLICIT_RETAIN_SELF = YES;
				CLANG_WARN_OBJC_LITERAL_CONVERSION = YES;
				CLANG_WARN_OBJC_ROOT_CLASS = YES_ERROR;
				CLANG_WARN_RANGE_LOOP_ANALYSIS = YES;
				CLANG_WARN_STRICT_PROTOTYPES = YES;
				CLANG_WARN_SUSPICIOUS_MOVE = YES;
				CLANG_WARN_UNGUARDED_AVAILABILITY = YES_AGGRESSIVE;
				CLANG_WARN_UNREACHABLE_CODE = YES;
				CLANG_WARN__DUPLICATE_METHOD_MATCH = YES;
				CODE_SIGN_IDENTITY = "iPhone Developer";
				COPY_PHASE_STRIP = NO;
				DEBUG_INFORMATION_FORMAT = "dwarf-with-dsym";
				ENABLE_NS_ASSERTIONS = NO;
				ENABLE_STRICT_OBJC_MSGSEND = YES;
				GCC_C_LANGUAGE_STANDARD = gnu11;
				GCC_NO_COMMON_BLOCKS = YES;
				GCC_WARN_64_TO_32_BIT_CONVERSION = YES;
				GCC_WARN_ABOUT_RETURN_TYPE = YES_ERROR;
				GCC_WARN_UNDECLARED_SELECTOR = YES;
				GCC_WARN_UNINITIALIZED_AUTOS = YES_AGGRESSIVE;
				GCC_WARN_UNUSED_FUNCTION = YES;
				GCC_WARN_UNUSED_VARIABLE = YES;
				IPHONEOS_DEPLOYMENT_TARGET = 12.2;
				MTL_ENABLE_DEBUG_INFO = NO;
				MTL_FAST_MATH = YES;
				SDKROOT = iphoneos;
				SWIFT_COMPILATION_MODE = wholemodule;
				SWIFT_OPTIMIZATION_LEVEL = "-O";
				VALIDATE_PRODUCT = YES;
			};
			name = Release;
		};
		438B61E6223C4EC700A3F984 /* Debug */ = {
			isa = XCBuildConfiguration;
			buildSettings = {
				ASSETCATALOG_COMPILER_APPICON_NAME = AppIcon;
				CODE_SIGN_STYLE = Automatic;
				DEVELOPMENT_TEAM = 834VY2ZCYH;
				INFOPLIST_FILE = "Project34-FourInARow/Info.plist";
				LD_RUNPATH_SEARCH_PATHS = (
					"$(inherited)",
					"@executable_path/Frameworks",
				);
				PRODUCT_BUNDLE_IDENTIFIER = "KushApps.Project34-FourInARow";
				PRODUCT_NAME = "$(TARGET_NAME)";
				SWIFT_VERSION = 5.0;
				TARGETED_DEVICE_FAMILY = 2;
			};
			name = Debug;
		};
		438B61E7223C4EC700A3F984 /* Release */ = {
			isa = XCBuildConfiguration;
			buildSettings = {
				ASSETCATALOG_COMPILER_APPICON_NAME = AppIcon;
				CODE_SIGN_STYLE = Automatic;
				DEVELOPMENT_TEAM = 834VY2ZCYH;
				INFOPLIST_FILE = "Project34-FourInARow/Info.plist";
				LD_RUNPATH_SEARCH_PATHS = (
					"$(inherited)",
					"@executable_path/Frameworks",
				);
				PRODUCT_BUNDLE_IDENTIFIER = "KushApps.Project34-FourInARow";
				PRODUCT_NAME = "$(TARGET_NAME)";
				SWIFT_VERSION = 5.0;
				TARGETED_DEVICE_FAMILY = 2;
			};
			name = Release;
		};
/* End XCBuildConfiguration section */

/* Begin XCConfigurationList section */
		438B61CE223C4EC600A3F984 /* Build configuration list for PBXProject "Project34-FourInARow" */ = {
			isa = XCConfigurationList;
			buildConfigurations = (
				438B61E3223C4EC700A3F984 /* Debug */,
				438B61E4223C4EC700A3F984 /* Release */,
			);
			defaultConfigurationIsVisible = 0;
			defaultConfigurationName = Release;
		};
		438B61E5223C4EC700A3F984 /* Build configuration list for PBXNativeTarget "Project34-FourInARow" */ = {
			isa = XCConfigurationList;
			buildConfigurations = (
				438B61E6223C4EC700A3F984 /* Debug */,
				438B61E7223C4EC700A3F984 /* Release */,
			);
			defaultConfigurationIsVisible = 0;
			defaultConfigurationName = Release;
		};
/* End XCConfigurationList section */
	};
	rootObject = 438B61CB223C4EC600A3F984 /* Project object */;
}
