// !$*UTF8*$!
{
	archiveVersion = 1;
	classes = {
	};
	objectVersion = 50;
	objects = {

/* Begin PBXBuildFile section */
		437605F6229DEE21005A0D40 /* Author+CoreDataClass.swift in Sources */ = {isa = PBXBuildFile; fileRef = 437605F4229DEE21005A0D40 /* Author+CoreDataClass.swift */; };
		437605F7229DEE21005A0D40 /* Author+CoreDataProperties.swift in Sources */ = {isa = PBXBuildFile; fileRef = 437605F5229DEE21005A0D40 /* Author+CoreDataProperties.swift */; };
		43A1F8FA2297079100FC5D75 /* AppDelegate.swift in Sources */ = {isa = PBXBuildFile; fileRef = 43A1F8F92297079100FC5D75 /* AppDelegate.swift */; };
		43A1F8FC2297079100FC5D75 /* ViewController.swift in Sources */ = {isa = PBXBuildFile; fileRef = 43A1F8FB2297079100FC5D75 /* ViewController.swift */; };
		43A1F8FF2297079100FC5D75 /* Main.storyboard in Resources */ = {isa = PBXBuildFile; fileRef = 43A1F8FD2297079100FC5D75 /* Main.storyboard */; };
		43A1F9012297079200FC5D75 /* Assets.xcassets in Resources */ = {isa = PBXBuildFile; fileRef = 43A1F9002297079200FC5D75 /* Assets.xcassets */; };
		43A1F9042297079200FC5D75 /* LaunchScreen.storyboard in Resources */ = {isa = PBXBuildFile; fileRef = 43A1F9022297079200FC5D75 /* LaunchScreen.storyboard */; };
		43A1F90C2297083A00FC5D75 /* SwiftyJSON.swift in Sources */ = {isa = PBXBuildFile; fileRef = 43A1F90B2297083A00FC5D75 /* SwiftyJSON.swift */; };
		43A1F90E229709D600FC5D75 /* DetailViewController.swift in Sources */ = {isa = PBXBuildFile; fileRef = 43A1F90D229709D600FC5D75 /* DetailViewController.swift */; };
		43A1F91122971C0800FC5D75 /* Project38.xcdatamodeld in Sources */ = {isa = PBXBuildFile; fileRef = 43A1F90F22971C0800FC5D75 /* Project38.xcdatamodeld */; };
		43A1F9142297214C00FC5D75 /* Commit+CoreDataClass.swift in Sources */ = {isa = PBXBuildFile; fileRef = 43A1F9122297214C00FC5D75 /* Commit+CoreDataClass.swift */; };
		43A1F9152297214C00FC5D75 /* Commit+CoreDataProperties.swift in Sources */ = {isa = PBXBuildFile; fileRef = 43A1F9132297214C00FC5D75 /* Commit+CoreDataProperties.swift */; };
/* End PBXBuildFile section */

/* Begin PBXFileReference section */
		437605F4229DEE21005A0D40 /* Author+CoreDataClass.swift */ = {isa = PBXFileReference; lastKnownFileType = sourcecode.swift; path = "Author+CoreDataClass.swift"; sourceTree = "<group>"; };
		437605F5229DEE21005A0D40 /* Author+CoreDataProperties.swift */ = {isa = PBXFileReference; lastKnownFileType = sourcecode.swift; path = "Author+CoreDataProperties.swift"; sourceTree = "<group>"; };
		43A1F8F62297079100FC5D75 /* Project38-GithubCommits.app */ = {isa = PBXFileReference; explicitFileType = wrapper.application; includeInIndex = 0; path = "Project38-GithubCommits.app"; sourceTree = BUILT_PRODUCTS_DIR; };
		43A1F8F92297079100FC5D75 /* AppDelegate.swift */ = {isa = PBXFileReference; lastKnownFileType = sourcecode.swift; path = AppDelegate.swift; sourceTree = "<group>"; };
		43A1F8FB2297079100FC5D75 /* ViewController.swift */ = {isa = PBXFileReference; lastKnownFileType = sourcecode.swift; path = ViewController.swift; sourceTree = "<group>"; };
		43A1F8FE2297079100FC5D75 /* Base */ = {isa = PBXFileReference; lastKnownFileType = file.storyboard; name = Base; path = Base.lproj/Main.storyboard; sourceTree = "<group>"; };
		43A1F9002297079200FC5D75 /* Assets.xcassets */ = {isa = PBXFileReference; lastKnownFileType = folder.assetcatalog; path = Assets.xcassets; sourceTree = "<group>"; };
		43A1F9032297079200FC5D75 /* Base */ = {isa = PBXFileReference; lastKnownFileType = file.storyboard; name = Base; path = Base.lproj/LaunchScreen.storyboard; sourceTree = "<group>"; };
		43A1F9052297079200FC5D75 /* Info.plist */ = {isa = PBXFileReference; lastKnownFileType = text.plist.xml; path = Info.plist; sourceTree = "<group>"; };
		43A1F90B2297083A00FC5D75 /* SwiftyJSON.swift */ = {isa = PBXFileReference; fileEncoding = 4; lastKnownFileType = sourcecode.swift; name = SwiftyJSON.swift; path = "../../HackingWithSwift/project38-files/SwiftyJSON.swift"; sourceTree = "<group>"; };
		43A1F90D229709D600FC5D75 /* DetailViewController.swift */ = {isa = PBXFileReference; lastKnownFileType = sourcecode.swift; path = DetailViewController.swift; sourceTree = "<group>"; };
		43A1F91022971C0800FC5D75 /* Project38.xcdatamodel */ = {isa = PBXFileReference; lastKnownFileType = wrapper.xcdatamodel; path = Project38.xcdatamodel; sourceTree = "<group>"; };
		43A1F9122297214C00FC5D75 /* Commit+CoreDataClass.swift */ = {isa = PBXFileReference; lastKnownFileType = sourcecode.swift; path = "Commit+CoreDataClass.swift"; sourceTree = "<group>"; };
		43A1F9132297214C00FC5D75 /* Commit+CoreDataProperties.swift */ = {isa = PBXFileReference; lastKnownFileType = sourcecode.swift; path = "Commit+CoreDataProperties.swift"; sourceTree = "<group>"; };
/* End PBXFileReference section */

/* Begin PBXFrameworksBuildPhase section */
		43A1F8F32297079100FC5D75 /* Frameworks */ = {
			isa = PBXFrameworksBuildPhase;
			buildActionMask = 2147483647;
			files = (
			);
			runOnlyForDeploymentPostprocessing = 0;
		};
/* End PBXFrameworksBuildPhase section */

/* Begin PBXGroup section */
		43A1F8ED2297079100FC5D75 = {
			isa = PBXGroup;
			children = (
				43A1F8F82297079100FC5D75 /* Project38-GithubCommits */,
				43A1F8F72297079100FC5D75 /* Products */,
			);
			sourceTree = "<group>";
		};
		43A1F8F72297079100FC5D75 /* Products */ = {
			isa = PBXGroup;
			children = (
				43A1F8F62297079100FC5D75 /* Project38-GithubCommits.app */,
			);
			name = Products;
			sourceTree = "<group>";
		};
		43A1F8F82297079100FC5D75 /* Project38-GithubCommits */ = {
			isa = PBXGroup;
			children = (
				437605F4229DEE21005A0D40 /* Author+CoreDataClass.swift */,
				437605F5229DEE21005A0D40 /* Author+CoreDataProperties.swift */,
				43A1F9122297214C00FC5D75 /* Commit+CoreDataClass.swift */,
				43A1F9132297214C00FC5D75 /* Commit+CoreDataProperties.swift */,
				43A1F8F92297079100FC5D75 /* AppDelegate.swift */,
				43A1F8FB2297079100FC5D75 /* ViewController.swift */,
				43A1F8FD2297079100FC5D75 /* Main.storyboard */,
				43A1F90F22971C0800FC5D75 /* Project38.xcdatamodeld */,
				43A1F90D229709D600FC5D75 /* DetailViewController.swift */,
				43A1F9002297079200FC5D75 /* Assets.xcassets */,
				43A1F9022297079200FC5D75 /* LaunchScreen.storyboard */,
				43A1F9052297079200FC5D75 /* Info.plist */,
				43A1F90B2297083A00FC5D75 /* SwiftyJSON.swift */,
			);
			path = "Project38-GithubCommits";
			sourceTree = "<group>";
		};
/* End PBXGroup section */

/* Begin PBXNativeTarget section */
		43A1F8F52297079100FC5D75 /* Project38-GithubCommits */ = {
			isa = PBXNativeTarget;
			buildConfigurationList = 43A1F9082297079200FC5D75 /* Build configuration list for PBXNativeTarget "Project38-GithubCommits" */;
			buildPhases = (
				43A1F8F22297079100FC5D75 /* Sources */,
				43A1F8F32297079100FC5D75 /* Frameworks */,
				43A1F8F42297079100FC5D75 /* Resources */,
			);
			buildRules = (
			);
			dependencies = (
			);
			name = "Project38-GithubCommits";
			productName = "Project38-GithubCommits";
			productReference = 43A1F8F62297079100FC5D75 /* Project38-GithubCommits.app */;
			productType = "com.apple.product-type.application";
		};
/* End PBXNativeTarget section */

/* Begin PBXProject section */
		43A1F8EE2297079100FC5D75 /* Project object */ = {
			isa = PBXProject;
			attributes = {
				LastSwiftUpdateCheck = 1020;
				LastUpgradeCheck = 1020;
				ORGANIZATIONNAME = "Kush, Ryan";
				TargetAttributes = {
					43A1F8F52297079100FC5D75 = {
						CreatedOnToolsVersion = 10.2.1;
					};
				};
			};
			buildConfigurationList = 43A1F8F12297079100FC5D75 /* Build configuration list for PBXProject "Project38-GithubCommits" */;
			compatibilityVersion = "Xcode 9.3";
			developmentRegion = en;
			hasScannedForEncodings = 0;
			knownRegions = (
				en,
				Base,
			);
			mainGroup = 43A1F8ED2297079100FC5D75;
			productRefGroup = 43A1F8F72297079100FC5D75 /* Products */;
			projectDirPath = "";
			projectRoot = "";
			targets = (
				43A1F8F52297079100FC5D75 /* Project38-GithubCommits */,
			);
		};
/* End PBXProject section */

/* Begin PBXResourcesBuildPhase section */
		43A1F8F42297079100FC5D75 /* Resources */ = {
			isa = PBXResourcesBuildPhase;
			buildActionMask = 2147483647;
			files = (
				43A1F9042297079200FC5D75 /* LaunchScreen.storyboard in Resources */,
				43A1F9012297079200FC5D75 /* Assets.xcassets in Resources */,
				43A1F8FF2297079100FC5D75 /* Main.storyboard in Resources */,
			);
			runOnlyForDeploymentPostprocessing = 0;
		};
/* End PBXResourcesBuildPhase section */

/* Begin PBXSourcesBuildPhase section */
		43A1F8F22297079100FC5D75 /* Sources */ = {
			isa = PBXSourcesBuildPhase;
			buildActionMask = 2147483647;
			files = (
				43A1F9142297214C00FC5D75 /* Commit+CoreDataClass.swift in Sources */,
				43A1F90C2297083A00FC5D75 /* SwiftyJSON.swift in Sources */,
				437605F7229DEE21005A0D40 /* Author+CoreDataProperties.swift in Sources */,
				43A1F9152297214C00FC5D75 /* Commit+CoreDataProperties.swift in Sources */,
				43A1F91122971C0800FC5D75 /* Project38.xcdatamodeld in Sources */,
				437605F6229DEE21005A0D40 /* Author+CoreDataClass.swift in Sources */,
				43A1F8FC2297079100FC5D75 /* ViewController.swift in Sources */,
				43A1F8FA2297079100FC5D75 /* AppDelegate.swift in Sources */,
				43A1F90E229709D600FC5D75 /* DetailViewController.swift in Sources */,
			);
			runOnlyForDeploymentPostprocessing = 0;
		};
/* End PBXSourcesBuildPhase section */

/* Begin PBXVariantGroup section */
		43A1F8FD2297079100FC5D75 /* Main.storyboard */ = {
			isa = PBXVariantGroup;
			children = (
				43A1F8FE2297079100FC5D75 /* Base */,
			);
			name = Main.storyboard;
			sourceTree = "<group>";
		};
		43A1F9022297079200FC5D75 /* LaunchScreen.storyboard */ = {
			isa = PBXVariantGroup;
			children = (
				43A1F9032297079200FC5D75 /* Base */,
			);
			name = LaunchScreen.storyboard;
			sourceTree = "<group>";
		};
/* End PBXVariantGroup section */

/* Begin XCBuildConfiguration section */
		43A1F9062297079200FC5D75 /* Debug */ = {
			isa = XCBuildConfiguration;
			buildSettings = {
				ALWAYS_SEARCH_USER_PATHS = NO;
				CLANG_ANALYZER_NONNULL = YES;
				CLANG_ANALYZER_NUMBER_OBJECT_CONVERSION = YES_AGGRESSIVE;
				CLANG_CXX_LANGUAGE_STANDARD = "gnu++14";
				CLANG_CXX_LIBRARY = "libc++";
				CLANG_ENABLE_MODULES = YES;
				CLANG_ENABLE_OBJC_ARC = YES;
				CLANG_ENABLE_OBJC_WEAK = YES;
				CLANG_WARN_BLOCK_CAPTURE_AUTORELEASING = YES;
				CLANG_WARN_BOOL_CONVERSION = YES;
				CLANG_WARN_COMMA = YES;
				CLANG_WARN_CONSTANT_CONVERSION = YES;
				CLANG_WARN_DEPRECATED_OBJC_IMPLEMENTATIONS = YES;
				CLANG_WARN_DIRECT_OBJC_ISA_USAGE = YES_ERROR;
				CLANG_WARN_DOCUMENTATION_COMMENTS = YES;
				CLANG_WARN_EMPTY_BODY = YES;
				CLANG_WARN_ENUM_CONVERSION = YES;
				CLANG_WARN_INFINITE_RECURSION = YES;
				CLANG_WARN_INT_CONVERSION = YES;
				CLANG_WARN_NON_LITERAL_NULL_CONVERSION = YES;
				CLANG_WARN_OBJC_IMPLICIT_RETAIN_SELF = YES;
				CLANG_WARN_OBJC_LITERAL_CONVERSION = YES;
				CLANG_WARN_OBJC_ROOT_CLASS = YES_ERROR;
				CLANG_WARN_RANGE_LOOP_ANALYSIS = YES;
				CLANG_WARN_STRICT_PROTOTYPES = YES;
				CLANG_WARN_SUSPICIOUS_MOVE = YES;
				CLANG_WARN_UNGUARDED_AVAILABILITY = YES_AGGRESSIVE;
				CLANG_WARN_UNREACHABLE_CODE = YES;
				CLANG_WARN__DUPLICATE_METHOD_MATCH = YES;
				CODE_SIGN_IDENTITY = "iPhone Developer";
				COPY_PHASE_STRIP = NO;
				DEBUG_INFORMATION_FORMAT = dwarf;
				ENABLE_STRICT_OBJC_MSGSEND = YES;
				ENABLE_TESTABILITY = YES;
				GCC_C_LANGUAGE_STANDARD = gnu11;
				GCC_DYNAMIC_NO_PIC = NO;
				GCC_NO_COMMON_BLOCKS = YES;
				GCC_OPTIMIZATION_LEVEL = 0;
				GCC_PREPROCESSOR_DEFINITIONS = (
					"DEBUG=1",
					"$(inherited)",
				);
				GCC_WARN_64_TO_32_BIT_CONVERSION = YES;
				GCC_WARN_ABOUT_RETURN_TYPE = YES_ERROR;
				GCC_WARN_UNDECLARED_SELECTOR = YES;
				GCC_WARN_UNINITIALIZED_AUTOS = YES_AGGRESSIVE;
				GCC_WARN_UNUSED_FUNCTION = YES;
				GCC_WARN_UNUSED_VARIABLE = YES;
				IPHONEOS_DEPLOYMENT_TARGET = 12.2;
				MTL_ENABLE_DEBUG_INFO = INCLUDE_SOURCE;
				MTL_FAST_MATH = YES;
				ONLY_ACTIVE_ARCH = YES;
				SDKROOT = iphoneos;
				SWIFT_ACTIVE_COMPILATION_CONDITIONS = DEBUG;
				SWIFT_OPTIMIZATION_LEVEL = "-Onone";
			};
			name = Debug;
		};
		43A1F9072297079200FC5D75 /* Release */ = {
			isa = XCBuildConfiguration;
			buildSettings = {
				ALWAYS_SEARCH_USER_PATHS = NO;
				CLANG_ANALYZER_NONNULL = YES;
				CLANG_ANALYZER_NUMBER_OBJECT_CONVERSION = YES_AGGRESSIVE;
				CLANG_CXX_LANGUAGE_STANDARD = "gnu++14";
				CLANG_CXX_LIBRARY = "libc++";
				CLANG_ENABLE_MODULES = YES;
				CLANG_ENABLE_OBJC_ARC = YES;
				CLANG_ENABLE_OBJC_WEAK = YES;
				CLANG_WARN_BLOCK_CAPTURE_AUTORELEASING = YES;
				CLANG_WARN_BOOL_CONVERSION = YES;
				CLANG_WARN_COMMA = YES;
				CLANG_WARN_CONSTANT_CONVERSION = YES;
				CLANG_WARN_DEPRECATED_OBJC_IMPLEMENTATIONS = YES;
				CLANG_WARN_DIRECT_OBJC_ISA_USAGE = YES_ERROR;
				CLANG_WARN_DOCUMENTATION_COMMENTS = YES;
				CLANG_WARN_EMPTY_BODY = YES;
				CLANG_WARN_ENUM_CONVERSION = YES;
				CLANG_WARN_INFINITE_RECURSION = YES;
				CLANG_WARN_INT_CONVERSION = YES;
				CLANG_WARN_NON_LITERAL_NULL_CONVERSION = YES;
				CLANG_WARN_OBJC_IMPLICIT_RETAIN_SELF = YES;
				CLANG_WARN_OBJC_LITERAL_CONVERSION = YES;
				CLANG_WARN_OBJC_ROOT_CLASS = YES_ERROR;
				CLANG_WARN_RANGE_LOOP_ANALYSIS = YES;
				CLANG_WARN_STRICT_PROTOTYPES = YES;
				CLANG_WARN_SUSPICIOUS_MOVE = YES;
				CLANG_WARN_UNGUARDED_AVAILABILITY = YES_AGGRESSIVE;
				CLANG_WARN_UNREACHABLE_CODE = YES;
				CLANG_WARN__DUPLICATE_METHOD_MATCH = YES;
				CODE_SIGN_IDENTITY = "iPhone Developer";
				COPY_PHASE_STRIP = NO;
				DEBUG_INFORMATION_FORMAT = "dwarf-with-dsym";
				ENABLE_NS_ASSERTIONS = NO;
				ENABLE_STRICT_OBJC_MSGSEND = YES;
				GCC_C_LANGUAGE_STANDARD = gnu11;
				GCC_NO_COMMON_BLOCKS = YES;
				GCC_WARN_64_TO_32_BIT_CONVERSION = YES;
				GCC_WARN_ABOUT_RETURN_TYPE = YES_ERROR;
				GCC_WARN_UNDECLARED_SELECTOR = YES;
				GCC_WARN_UNINITIALIZED_AUTOS = YES_AGGRESSIVE;
				GCC_WARN_UNUSED_FUNCTION = YES;
				GCC_WARN_UNUSED_VARIABLE = YES;
				IPHONEOS_DEPLOYMENT_TARGET = 12.2;
				MTL_ENABLE_DEBUG_INFO = NO;
				MTL_FAST_MATH = YES;
				SDKROOT = iphoneos;
				SWIFT_COMPILATION_MODE = wholemodule;
				SWIFT_OPTIMIZATION_LEVEL = "-O";
				VALIDATE_PRODUCT = YES;
			};
			name = Release;
		};
		43A1F9092297079200FC5D75 /* Debug */ = {
			isa = XCBuildConfiguration;
			buildSettings = {
				ASSETCATALOG_COMPILER_APPICON_NAME = AppIcon;
				CODE_SIGN_STYLE = Automatic;
				DEVELOPMENT_TEAM = 834VY2ZCYH;
				INFOPLIST_FILE = "Project38-GithubCommits/Info.plist";
				LD_RUNPATH_SEARCH_PATHS = (
					"$(inherited)",
					"@executable_path/Frameworks",
				);
				PRODUCT_BUNDLE_IDENTIFIER = "com.KushApps.Project38-GithubCommits";
				PRODUCT_NAME = "$(TARGET_NAME)";
				SWIFT_VERSION = 5.0;
				TARGETED_DEVICE_FAMILY = "1,2";
			};
			name = Debug;
		};
		43A1F90A2297079200FC5D75 /* Release */ = {
			isa = XCBuildConfiguration;
			buildSettings = {
				ASSETCATALOG_COMPILER_APPICON_NAME = AppIcon;
				CODE_SIGN_STYLE = Automatic;
				DEVELOPMENT_TEAM = 834VY2ZCYH;
				INFOPLIST_FILE = "Project38-GithubCommits/Info.plist";
				LD_RUNPATH_SEARCH_PATHS = (
					"$(inherited)",
					"@executable_path/Frameworks",
				);
				PRODUCT_BUNDLE_IDENTIFIER = "com.KushApps.Project38-GithubCommits";
				PRODUCT_NAME = "$(TARGET_NAME)";
				SWIFT_VERSION = 5.0;
				TARGETED_DEVICE_FAMILY = "1,2";
			};
			name = Release;
		};
/* End XCBuildConfiguration section */

/* Begin XCConfigurationList section */
		43A1F8F12297079100FC5D75 /* Build configuration list for PBXProject "Project38-GithubCommits" */ = {
			isa = XCConfigurationList;
			buildConfigurations = (
				43A1F9062297079200FC5D75 /* Debug */,
				43A1F9072297079200FC5D75 /* Release */,
			);
			defaultConfigurationIsVisible = 0;
			defaultConfigurationName = Release;
		};
		43A1F9082297079200FC5D75 /* Build configuration list for PBXNativeTarget "Project38-GithubCommits" */ = {
			isa = XCConfigurationList;
			buildConfigurations = (
				43A1F9092297079200FC5D75 /* Debug */,
				43A1F90A2297079200FC5D75 /* Release */,
			);
			defaultConfigurationIsVisible = 0;
			defaultConfigurationName = Release;
		};
/* End XCConfigurationList section */

/* Begin XCVersionGroup section */
		43A1F90F22971C0800FC5D75 /* Project38.xcdatamodeld */ = {
			isa = XCVersionGroup;
			children = (
				43A1F91022971C0800FC5D75 /* Project38.xcdatamodel */,
			);
			currentVersion = 43A1F91022971C0800FC5D75 /* Project38.xcdatamodel */;
			path = Project38.xcdatamodeld;
			sourceTree = "<group>";
			versionGroupType = wrapper.xcdatamodel;
		};
/* End XCVersionGroup section */
	};
	rootObject = 43A1F8EE2297079100FC5D75 /* Project object */;
}
